{
  "version": 4,
  "terraform_version": "1.14.8",
  "serial": 144,
  "lineage": "9b1146bf-c16b-96aa-978e-0506902dc3d7",
  "outputs": {
    "aurora_endpoint": {
      "value": "free-tier-aurora.cluster-ck50qoeeuvqo.us-east-1.rds.amazonaws.com",
      "type": "string"
    },
    "dsql_cluster_endpoint": {
      "value": "abtwzgnpdvupncxkfwneryqa5i.dsql.us-east-1.on.aws",
      "type": "string"
    },
    "lambda_rds_function_url": {
      "value": "https://hixavovpmato33sqqyxh6omv540acpnn.lambda-url.us-east-1.on.aws/",
      "type": "string"
    },
    "postgres_connection_strings": {
      "value": {
        "connection.cli.arguments.#": "1",
        "connection.cli.arguments.0.#": "1",
        "connection.cli.arguments.0.0": "host=d5e65386-f8fc-4847-8272-f2bcabdf6bc3.0135ec03d5bf43b196433793c98e8bd5.databases.appdomain.cloud port=31604 dbname=ibmclouddb user=ibm_cloud_c56b4076_94db_4c14_bdea_e54446df05d2 sslmode=verify-full",
        "connection.cli.bin": "psql",
        "connection.cli.certificate.certificate_authority": "self_signed",
        "connection.cli.certificate.certificate_base64": "LS0tLS1CRUdJTiBDRVJUSUZJQ0FURS0tLS0tCk1JSUREekNDQWZlZ0F3SUJBZ0lKQU5FSDU4eTIva3pITUEwR0NTcUdTSWIzRFFFQkN3VUFNQjR4SERBYUJnTlYKQkFNTUUwbENUU0JEYkc5MVpDQkVZWFJoWW1GelpYTXdIaGNOTVRnd05qSTFNVFF5T1RBd1doY05Namd3TmpJeQpNVFF5T1RBd1dqQWVNUnd3R2dZRFZRUUREQk5KUWswZ1EyeHZkV1FnUkdGMFlXSmhjMlZ6TUlJQklqQU5CZ2txCmhraUc5dzBCQVFFRkFBT0NBUThBTUlJQkNnS0NBUUVBOGxwYVFHemNGZEdxZU1sbXFqZmZNUHBJUWhxcGQ4cUoKUHIzYklrclhKYlRjSko5dUlja1NVY0NqdzRaL3JTZzhublQxM1NDY09sKzF0bys3a2RNaVU4cU9XS2ljZVlaNQp5K3laWWZDa0dhaVpWZmF6UUJtNDV6QnRGV3YrQUIvOGhmQ1RkTkY3Vlk0c3BhQTNvQkUyYVM3T0FOTlNSWlNLCnB3eTI0SVVnVWNJTEpXK21jdlc4MFZ4K0dYUmZEOVl0dDZQUkpnQmhZdVVCcGd6dm5nbUNNR0JuK2wyS05pU2YKd2VvdllEQ0Q2Vm5nbDIrNlc5UUZBRnRXWFdnRjNpRFFENW5sL240bXJpcE1TWDZVRy9uNjY1N3U3VERkZ2t2QQoxZUtJMkZMellLcG9LQmU1cmNuck03bkhnTmMvbkNkRXM1SmVjSGIxZEh2MVFmUG02cHpJeHdJREFRQUJvMUF3ClRqQWRCZ05WSFE0RUZnUVVLMytYWm8xd3lLcytERW9ZWGJIcnV3U3BYamd3SHdZRFZSMGpCQmd3Rm9BVUszK1gKWm8xd3lLcytERW9ZWGJIcnV3U3BYamd3REFZRFZSMFRCQVV3QXdFQi96QU5CZ2txaGtpRzl3MEJBUXNGQUFPQwpBUUVBSmY1ZHZselVwcWFpeDI2cUpFdXFGRzBJUDU3UVFJNVRDUko2WHQvc3VwUkhvNjNlRHZLdzh6Ujd0bFdRCmxWNVAwTjJ4d3VTbDlacUFKdDcvay8zWmVCK25Zd1BveU8zS3ZLdkFUdW5SdmxQQm40RldWWGVhUHNHKzdmaFMKcXNlam1reW9uWXc3N0hSekdPekpINFpnOFVONm1mcGJhV1NzeWFFeHZxa25DcDlTb1RRUDNENjdBeldxYjF6WQpkb3FxZ0dJWjJueENrcDUvRlh4Ri9UTWI1NXZ0ZVRRd2ZnQnk2MGpWVmtiRjdlVk9XQ3YwS2FOSFBGNWhycWJOCmkrM1hqSjcvcGVGM3hNdlRNb3kzNURjVDNFMlplU1Zqb3VaczE1Tzkwa0kzazJkYVMyT0hKQUJXMHZTajRuTHoKK1BRenAvQjljUW1PTzhkQ2UwNDlRM29hVUE9PQotLS0tLUVORCBDRVJUSUZJQ0FURS0tLS0tCgo=",
        "connection.cli.certificate.name": "f111946e-807b-4454-90c4-3e1a4f375c62",
        "connection.cli.composed.#": "1",
        "connection.cli.composed.0": "PGPASSWORD=mKfSwfgwlWEkwZQlvbHTCa2TNGqln2le PGSSLROOTCERT=f111946e-807b-4454-90c4-3e1a4f375c62 psql 'host=d5e65386-f8fc-4847-8272-f2bcabdf6bc3.0135ec03d5bf43b196433793c98e8bd5.databases.appdomain.cloud port=31604 dbname=ibmclouddb user=ibm_cloud_c56b4076_94db_4c14_bdea_e54446df05d2 sslmode=verify-full'",
        "connection.cli.environment.PGPASSWORD": "mKfSwfgwlWEkwZQlvbHTCa2TNGqln2le",
        "connection.cli.environment.PGSSLROOTCERT": "f111946e-807b-4454-90c4-3e1a4f375c62",
        "connection.cli.type": "cli",
        "connection.postgres.authentication.method": "direct",
        "connection.postgres.authentication.password": "mKfSwfgwlWEkwZQlvbHTCa2TNGqln2le",
        "connection.postgres.authentication.username": "ibm_cloud_c56b4076_94db_4c14_bdea_e54446df05d2",
        "connection.postgres.certificate.certificate_authority": "self_signed",
        "connection.postgres.certificate.certificate_base64": "LS0tLS1CRUdJTiBDRVJUSUZJQ0FURS0tLS0tCk1JSUREekNDQWZlZ0F3SUJBZ0lKQU5FSDU4eTIva3pITUEwR0NTcUdTSWIzRFFFQkN3VUFNQjR4SERBYUJnTlYKQkFNTUUwbENUU0JEYkc5MVpDQkVZWFJoWW1GelpYTXdIaGNOTVRnd05qSTFNVFF5T1RBd1doY05Namd3TmpJeQpNVFF5T1RBd1dqQWVNUnd3R2dZRFZRUUREQk5KUWswZ1EyeHZkV1FnUkdGMFlXSmhjMlZ6TUlJQklqQU5CZ2txCmhraUc5dzBCQVFFRkFBT0NBUThBTUlJQkNnS0NBUUVBOGxwYVFHemNGZEdxZU1sbXFqZmZNUHBJUWhxcGQ4cUoKUHIzYklrclhKYlRjSko5dUlja1NVY0NqdzRaL3JTZzhublQxM1NDY09sKzF0bys3a2RNaVU4cU9XS2ljZVlaNQp5K3laWWZDa0dhaVpWZmF6UUJtNDV6QnRGV3YrQUIvOGhmQ1RkTkY3Vlk0c3BhQTNvQkUyYVM3T0FOTlNSWlNLCnB3eTI0SVVnVWNJTEpXK21jdlc4MFZ4K0dYUmZEOVl0dDZQUkpnQmhZdVVCcGd6dm5nbUNNR0JuK2wyS05pU2YKd2VvdllEQ0Q2Vm5nbDIrNlc5UUZBRnRXWFdnRjNpRFFENW5sL240bXJpcE1TWDZVRy9uNjY1N3U3VERkZ2t2QQoxZUtJMkZMellLcG9LQmU1cmNuck03bkhnTmMvbkNkRXM1SmVjSGIxZEh2MVFmUG02cHpJeHdJREFRQUJvMUF3ClRqQWRCZ05WSFE0RUZnUVVLMytYWm8xd3lLcytERW9ZWGJIcnV3U3BYamd3SHdZRFZSMGpCQmd3Rm9BVUszK1gKWm8xd3lLcytERW9ZWGJIcnV3U3BYamd3REFZRFZSMFRCQVV3QXdFQi96QU5CZ2txaGtpRzl3MEJBUXNGQUFPQwpBUUVBSmY1ZHZselVwcWFpeDI2cUpFdXFGRzBJUDU3UVFJNVRDUko2WHQvc3VwUkhvNjNlRHZLdzh6Ujd0bFdRCmxWNVAwTjJ4d3VTbDlacUFKdDcvay8zWmVCK25Zd1BveU8zS3ZLdkFUdW5SdmxQQm40RldWWGVhUHNHKzdmaFMKcXNlam1reW9uWXc3N0hSekdPekpINFpnOFVONm1mcGJhV1NzeWFFeHZxa25DcDlTb1RRUDNENjdBeldxYjF6WQpkb3FxZ0dJWjJueENrcDUvRlh4Ri9UTWI1NXZ0ZVRRd2ZnQnk2MGpWVmtiRjdlVk9XQ3YwS2FOSFBGNWhycWJOCmkrM1hqSjcvcGVGM3hNdlRNb3kzNURjVDNFMlplU1Zqb3VaczE1Tzkwa0kzazJkYVMyT0hKQUJXMHZTajRuTHoKK1BRenAvQjljUW1PTzhkQ2UwNDlRM29hVUE9PQotLS0tLUVORCBDRVJUSUZJQ0FURS0tLS0tCgo=",
        "connection.postgres.certificate.name": "f111946e-807b-4454-90c4-3e1a4f375c62",
        "connection.postgres.composed.#": "1",
        "connection.postgres.composed.0": "postgres://ibm_cloud_c56b4076_94db_4c14_bdea_e54446df05d2:mKfSwfgwlWEkwZQlvbHTCa2TNGqln2le@d5e65386-f8fc-4847-8272-f2bcabdf6bc3.0135ec03d5bf43b196433793c98e8bd5.databases.appdomain.cloud:31604/ibmclouddb?sslmode=verify-full",
        "connection.postgres.database": "ibmclouddb",
        "connection.postgres.hosts.#": "1",
        "connection.postgres.hosts.0.hostname": "d5e65386-f8fc-4847-8272-f2bcabdf6bc3.0135ec03d5bf43b196433793c98e8bd5.databases.appdomain.cloud",
        "connection.postgres.hosts.0.port": "31604",
        "connection.postgres.path": "/ibmclouddb",
        "connection.postgres.query_options.sslmode": "verify-full",
        "connection.postgres.scheme": "postgres",
        "connection.postgres.type": "uri",
        "instance_administration_api.deployment_id": "crn:v1:bluemix:public:databases-for-postgresql:us-south:a/74b2f8a7b2be4cd89a2eb89dc34e5b27:d5e65386-f8fc-4847-8272-f2bcabdf6bc3::",
        "instance_administration_api.instance_id": "crn:v1:bluemix:public:databases-for-postgresql:us-south:a/74b2f8a7b2be4cd89a2eb89dc34e5b27:d5e65386-f8fc-4847-8272-f2bcabdf6bc3::",
        "instance_administration_api.root": "https://api.us-south.databases.cloud.ibm.com/v5/ibm"
      },
      "type": [
        "map",
        "string"
      ],
      "sensitive": true
    },
    "postgres_host": {
      "value": "d5e65386-f8fc-4847-8272-f2bcabdf6bc3.0135ec03d5bf43b196433793c98e8bd5.databases.appdomain.cloud",
      "type": "string"
    }
  },
  "resources": [
    {
      "mode": "data",
      "type": "aws_availability_zones",
      "name": "available",
      "provider": "provider[\"registry.terraform.io/hashicorp/aws\"]",
      "instances": [
        {
          "schema_version": 0,
          "attributes": {
            "all_availability_zones": null,
            "exclude_names": null,
            "exclude_zone_ids": null,
            "filter": null,
            "group_names": [
              "us-east-1-zg-1"
            ],
            "id": "us-east-1",
            "names": [
              "us-east-1a",
              "us-east-1b",
              "us-east-1c",
              "us-east-1d",
              "us-east-1e",
              "us-east-1f"
            ],
            "region": "us-east-1",
            "state": null,
            "timeouts": null,
            "zone_ids": [
              "use1-az1",
              "use1-az2",
              "use1-az4",
              "use1-az6",
              "use1-az3",
              "use1-az5"
            ]
          },
          "sensitive_attributes": [],
          "identity_schema_version": 0
        }
      ]
    },
    {
      "mode": "data",
      "type": "aws_caller_identity",
      "name": "current",
      "provider": "provider[\"registry.terraform.io/hashicorp/aws\"]",
      "instances": [
        {
          "schema_version": 0,
          "attributes": {
            "account_id": "772975393007",
            "arn": "arn:aws:iam::772975393007:user/Mehak",
            "id": "772975393007",
            "user_id": "AIDA3H6HMPDX5FCGL3RNV"
          },
          "sensitive_attributes": [],
          "identity_schema_version": 0
        }
      ]
    },
    {
      "mode": "data",
      "type": "ibm_resource_group",
      "name": "group",
      "provider": "provider[\"registry.terraform.io/ibm-cloud/ibm\"]",
      "instances": [
        {
          "schema_version": 0,
          "attributes": {
            "account_id": "74b2f8a7b2be4cd89a2eb89dc34e5b27",
            "created_at": "2026-04-23T21:13:50.919Z",
            "crn": "crn:v1:bluemix:public:resource-controller::a/74b2f8a7b2be4cd89a2eb89dc34e5b27::resource-group:67cbac9134e9479487fae37b404bf0ab",
            "id": "67cbac9134e9479487fae37b404bf0ab",
            "is_default": true,
            "name": "Default",
            "payment_methods_url": null,
            "quota_id": "a3d7b8d01e261c24677937c29ab33f3c",
            "quota_url": "/v2/quota_definitions/a3d7b8d01e261c24677937c29ab33f3c",
            "resource_linkages": [],
            "state": "ACTIVE",
            "teams_url": null,
            "updated_at": "2026-04-23T21:17:10.344Z"
          },
          "sensitive_attributes": [],
          "identity_schema_version": 0
        }
      ]
    },
    {
      "mode": "managed",
      "type": "aws_db_subnet_group",
      "name": "main",
      "provider": "provider[\"registry.terraform.io/hashicorp/aws\"]",
      "instances": [
        {
          "schema_version": 0,
          "attributes": {
            "arn": "arn:aws:rds:us-east-1:772975393007:subgrp:main-db-subnet-group",
            "description": "Managed by Terraform",
            "id": "main-db-subnet-group",
            "name": "main-db-subnet-group",
            "name_prefix": "",
            "region": "us-east-1",
            "subnet_ids": [
              "subnet-06a3cd128927861c4",
              "subnet-0d01ff5cb67091692"
            ],
            "supported_network_types": [
              "IPV4"
            ],
            "tags": {},
            "tags_all": {},
            "vpc_id": "vpc-00ea1fd4479131391"
          },
          "sensitive_attributes": [],
          "identity_schema_version": 0,
          "private": "bnVsbA==",
          "dependencies": [
            "aws_subnet.private",
            "aws_vpc.main",
            "data.aws_availability_zones.available"
          ]
        }
      ]
    },
    {
      "mode": "managed",
      "type": "aws_iam_policy",
      "name": "lambda_dsql_policy",
      "provider": "provider[\"registry.terraform.io/hashicorp/aws\"]",
      "instances": [
        {
          "schema_version": 0,
          "attributes": {
            "arn": "arn:aws:iam::772975393007:policy/lambda-dsql-access-policy",
            "attachment_count": 1,
            "delay_after_policy_creation_in_ms": null,
            "description": "Allows Lambda to connect to the DSQL cluster",
            "id": "arn:aws:iam::772975393007:policy/lambda-dsql-access-policy",
            "name": "lambda-dsql-access-policy",
            "name_prefix": "",
            "path": "/",
            "policy": "{\"Statement\":[{\"Action\":[\"dsql:ReadData\",\"dsql:Connect\",\"dsql:DbConnectAdmin\"],\"Effect\":\"Allow\",\"Resource\":\"arn:aws:dsql:us-east-1:772975393007:cluster/abtwzgnpdvupncxkfwneryqa5i\"}],\"Version\":\"2012-10-17\"}",
            "policy_id": "ANPA3H6HMPDX6ZUSGJ65A",
            "tags": {},
            "tags_all": {}
          },
          "sensitive_attributes": [],
          "identity_schema_version": 0,
          "identity": {
            "arn": "arn:aws:iam::772975393007:policy/lambda-dsql-access-policy"
          },
          "private": "bnVsbA==",
          "dependencies": [
            "awscc_dsql_cluster.dsql"
          ]
        }
      ]
    },
    {
      "mode": "managed",
      "type": "aws_iam_role",
      "name": "lambda_exec",
      "provider": "provider[\"registry.terraform.io/hashicorp/aws\"]",
      "instances": [
        {
          "schema_version": 0,
          "attributes": {
            "arn": "arn:aws:iam::772975393007:role/lambda-exec-role",
            "assume_role_policy": "{\"Statement\":[{\"Action\":\"sts:AssumeRole\",\"Effect\":\"Allow\",\"Principal\":{\"Service\":\"lambda.amazonaws.com\"}}],\"Version\":\"2012-10-17\"}",
            "create_date": "2026-03-31T22:38:39Z",
            "description": "",
            "force_detach_policies": false,
            "id": "lambda-exec-role",
            "inline_policy": [
              {
                "name": "lambda-aurora-iam-auth",
                "policy": "{\"Version\":\"2012-10-17\",\"Statement\":[{\"Action\":\"rds-db:connect\",\"Effect\":\"Allow\",\"Resource\":\"arn:aws:rds-db:us-east-1:772975393007:dbuser:cluster-CBCAAA4JFQKXH6UF6PJD6HOBJY/postgres\"}]}"
              }
            ],
            "managed_policy_arns": [
              "arn:aws:iam::772975393007:policy/lambda-dsql-access-policy",
              "arn:aws:iam::aws:policy/service-role/AWSLambdaBasicExecutionRole",
              "arn:aws:iam::aws:policy/service-role/AWSLambdaVPCAccessExecutionRole"
            ],
            "max_session_duration": 3600,
            "name": "lambda-exec-role",
            "name_prefix": "",
            "path": "/",
            "permissions_boundary": "",
            "tags": {},
            "tags_all": {},
            "unique_id": "AROA3H6HMPDX745SNAPX3"
          },
          "sensitive_attributes": [],
          "identity_schema_version": 0,
          "identity": {
            "account_id": "772975393007",
            "name": "lambda-exec-role"
          },
          "private": "bnVsbA=="
        }
      ]
    },
    {
      "mode": "managed",
      "type": "aws_iam_role_policy",
      "name": "lambda_aurora_iam",
      "provider": "provider[\"registry.terraform.io/hashicorp/aws\"]",
      "instances": [
        {
          "schema_version": 0,
          "attributes": {
            "id": "lambda-exec-role:lambda-aurora-iam-auth",
            "name": "lambda-aurora-iam-auth",
            "name_prefix": "",
            "policy": "{\"Version\":\"2012-10-17\",\"Statement\":[{\"Action\":\"rds-db:connect\",\"Effect\":\"Allow\",\"Resource\":\"arn:aws:rds-db:us-east-1:772975393007:dbuser:cluster-CBCAAA4JFQKXH6UF6PJD6HOBJY/postgres\"}]}",
            "role": "lambda-exec-role"
          },
          "sensitive_attributes": [],
          "identity_schema_version": 0,
          "identity": {
            "account_id": "772975393007",
            "name": "lambda-aurora-iam-auth",
            "role": "lambda-exec-role"
          },
          "private": "bnVsbA==",
          "dependencies": [
            "aws_iam_role.lambda_exec",
            "aws_rds_cluster.aurora",
            "data.aws_caller_identity.current"
          ]
        }
      ]
    },
    {
      "mode": "managed",
      "type": "aws_iam_role_policy_attachment",
      "name": "lambda_basic",
      "provider": "provider[\"registry.terraform.io/hashicorp/aws\"]",
      "instances": [
        {
          "schema_version": 0,
          "attributes": {
            "id": "lambda-exec-role/arn:aws:iam::aws:policy/service-role/AWSLambdaBasicExecutionRole",
            "policy_arn": "arn:aws:iam::aws:policy/service-role/AWSLambdaBasicExecutionRole",
            "role": "lambda-exec-role"
          },
          "sensitive_attributes": [],
          "identity_schema_version": 0,
          "identity": {
            "account_id": "772975393007",
            "policy_arn": "arn:aws:iam::aws:policy/service-role/AWSLambdaBasicExecutionRole",
            "role": "lambda-exec-role"
          },
          "private": "bnVsbA==",
          "dependencies": [
            "aws_iam_role.lambda_exec"
          ]
        }
      ]
    },
    {
      "mode": "managed",
      "type": "aws_iam_role_policy_attachment",
      "name": "lambda_dsql_attachment",
      "provider": "provider[\"registry.terraform.io/hashicorp/aws\"]",
      "instances": [
        {
          "schema_version": 0,
          "attributes": {
            "id": "lambda-exec-role/arn:aws:iam::772975393007:policy/lambda-dsql-access-policy",
            "policy_arn": "arn:aws:iam::772975393007:policy/lambda-dsql-access-policy",
            "role": "lambda-exec-role"
          },
          "sensitive_attributes": [],
          "identity_schema_version": 0,
          "identity": {
            "account_id": "772975393007",
            "policy_arn": "arn:aws:iam::772975393007:policy/lambda-dsql-access-policy",
            "role": "lambda-exec-role"
          },
          "private": "bnVsbA==",
          "dependencies": [
            "aws_iam_policy.lambda_dsql_policy",
            "aws_iam_role.lambda_exec",
            "awscc_dsql_cluster.dsql"
          ]
        }
      ]
    },
    {
      "mode": "managed",
      "type": "aws_iam_role_policy_attachment",
      "name": "lambda_vpc_access",
      "provider": "provider[\"registry.terraform.io/hashicorp/aws\"]",
      "instances": [
        {
          "schema_version": 0,
          "attributes": {
            "id": "lambda-exec-role/arn:aws:iam::aws:policy/service-role/AWSLambdaVPCAccessExecutionRole",
            "policy_arn": "arn:aws:iam::aws:policy/service-role/AWSLambdaVPCAccessExecutionRole",
            "role": "lambda-exec-role"
          },
          "sensitive_attributes": [],
          "identity_schema_version": 0,
          "identity": {
            "account_id": "772975393007",
            "policy_arn": "arn:aws:iam::aws:policy/service-role/AWSLambdaVPCAccessExecutionRole",
            "role": "lambda-exec-role"
          },
          "private": "bnVsbA==",
          "dependencies": [
            "aws_iam_role.lambda_exec"
          ]
        }
      ]
    },
    {
      "mode": "managed",
      "type": "aws_lambda_function",
      "name": "lambda_cloudant",
      "provider": "provider[\"registry.terraform.io/hashicorp/aws\"]",
      "instances": [
        {
          "schema_version": 0,
          "attributes": {
            "architectures": [
              "x86_64"
            ],
            "arn": "arn:aws:lambda:us-east-1:772975393007:function:ibm-cloudant-lambda",
            "capacity_provider_config": [],
            "code_sha256": "MFhe81tT5v/zIAcUs0RxvxZoabXPdpxSDLBaPgsS4dk=",
            "code_signing_config_arn": "",
            "dead_letter_config": [],
            "description": "",
            "durable_config": [],
            "environment": [
              {
                "variables": {
                  "CLOUDANT_APIKEY": "JjKdiiC57TeQuW3ymUe-CFyQSumbNBYDYGr-Cddv0FNa",
                  "CLOUDANT_URL": "https://41d4f0e7-8673-4ce6-998c-3906c7106fea-bluemix.cloudantnosqldb.appdomain.cloud"
                }
              }
            ],
            "ephemeral_storage": [
              {
                "size": 512
              }
            ],
            "file_system_config": [],
            "filename": "lambda_function_cloudant.zip",
            "function_name": "ibm-cloudant-lambda",
            "handler": "lambda_function_cloudant.lambda_handler",
            "id": "ibm-cloudant-lambda",
            "image_config": [],
            "image_uri": "",
            "invoke_arn": "arn:aws:apigateway:us-east-1:lambda:path/2015-03-31/functions/arn:aws:lambda:us-east-1:772975393007:function:ibm-cloudant-lambda/invocations",
            "kms_key_arn": "",
            "last_modified": "2026-04-23T23:53:09.448+0000",
            "layers": [],
            "logging_config": [
              {
                "application_log_level": "",
                "log_format": "Text",
                "log_group": "/aws/lambda/ibm-cloudant-lambda",
                "system_log_level": ""
              }
            ],
            "memory_size": 128,
            "package_type": "Zip",
            "publish": false,
            "publish_to": null,
            "qualified_arn": "arn:aws:lambda:us-east-1:772975393007:function:ibm-cloudant-lambda:$LATEST",
            "qualified_invoke_arn": "arn:aws:apigateway:us-east-1:lambda:path/2015-03-31/functions/arn:aws:lambda:us-east-1:772975393007:function:ibm-cloudant-lambda:$LATEST/invocations",
            "region": "us-east-1",
            "replace_security_groups_on_destroy": null,
            "replacement_security_group_ids": null,
            "reserved_concurrent_executions": -1,
            "response_streaming_invoke_arn": "arn:aws:apigateway:us-east-1:lambda:path/2021-11-15/functions/arn:aws:lambda:us-east-1:772975393007:function:ibm-cloudant-lambda/response-streaming-invocations",
            "role": "arn:aws:iam::772975393007:role/lambda-exec-role",
            "runtime": "python3.12",
            "s3_bucket": null,
            "s3_key": null,
            "s3_object_version": null,
            "signing_job_arn": "",
            "signing_profile_version_arn": "",
            "skip_destroy": false,
            "snap_start": [],
            "source_code_hash": "MFhe81tT5v/zIAcUs0RxvxZoabXPdpxSDLBaPgsS4dk=",
            "source_code_size": 1151936,
            "source_kms_key_arn": "",
            "tags": {},
            "tags_all": {},
            "tenancy_config": [],
            "timeout": 120,
            "timeouts": null,
            "tracing_config": [
              {
                "mode": "PassThrough"
              }
            ],
            "version": "$LATEST",
            "vpc_config": []
          },
          "sensitive_attributes": [],
          "identity_schema_version": 0,
          "identity": {
            "account_id": "772975393007",
            "function_name": "ibm-cloudant-lambda",
            "region": "us-east-1"
          },
          "private": "eyJlMmJmYjczMC1lY2FhLTExZTYtOGY4OC0zNDM2M2JjN2M0YzAiOnsiY3JlYXRlIjo2MDAwMDAwMDAwMDAsImRlbGV0ZSI6NjAwMDAwMDAwMDAwLCJ1cGRhdGUiOjYwMDAwMDAwMDAwMH19",
          "dependencies": [
            "aws_iam_role.lambda_exec"
          ]
        }
      ]
    },
    {
      "mode": "managed",
      "type": "aws_lambda_function",
      "name": "lambda_dsql",
      "provider": "provider[\"registry.terraform.io/hashicorp/aws\"]",
      "instances": [
        {
          "schema_version": 0,
          "attributes": {
            "architectures": [
              "x86_64"
            ],
            "arn": "arn:aws:lambda:us-east-1:772975393007:function:dsql-lambda",
            "capacity_provider_config": [],
            "code_sha256": "TxYl5iyv4HbdglGaKt2fm/s1F6TH7vy1FYzteFhxzsg=",
            "code_signing_config_arn": "",
            "dead_letter_config": [],
            "description": "",
            "durable_config": [],
            "environment": [
              {
                "variables": {
                  "DB_REGION": "us-east-1",
                  "DSQL_ENDPOINT": "abtwzgnpdvupncxkfwneryqa5i.dsql.us-east-1.on.aws"
                }
              }
            ],
            "ephemeral_storage": [
              {
                "size": 512
              }
            ],
            "file_system_config": [],
            "filename": "lambda_function_dsql.zip",
            "function_name": "dsql-lambda",
            "handler": "lambda_function_dsql.lambda_handler",
            "id": "dsql-lambda",
            "image_config": [],
            "image_uri": "",
            "invoke_arn": "arn:aws:apigateway:us-east-1:lambda:path/2015-03-31/functions/arn:aws:lambda:us-east-1:772975393007:function:dsql-lambda/invocations",
            "kms_key_arn": "",
            "last_modified": "2026-04-22T00:08:58.000+0000",
            "layers": [],
            "logging_config": [
              {
                "application_log_level": "",
                "log_format": "Text",
                "log_group": "/aws/lambda/dsql-lambda",
                "system_log_level": ""
              }
            ],
            "memory_size": 128,
            "package_type": "Zip",
            "publish": false,
            "publish_to": null,
            "qualified_arn": "arn:aws:lambda:us-east-1:772975393007:function:dsql-lambda:$LATEST",
            "qualified_invoke_arn": "arn:aws:apigateway:us-east-1:lambda:path/2015-03-31/functions/arn:aws:lambda:us-east-1:772975393007:function:dsql-lambda:$LATEST/invocations",
            "region": "us-east-1",
            "replace_security_groups_on_destroy": null,
            "replacement_security_group_ids": null,
            "reserved_concurrent_executions": -1,
            "response_streaming_invoke_arn": "arn:aws:apigateway:us-east-1:lambda:path/2021-11-15/functions/arn:aws:lambda:us-east-1:772975393007:function:dsql-lambda/response-streaming-invocations",
            "role": "arn:aws:iam::772975393007:role/lambda-exec-role",
            "runtime": "python3.12",
            "s3_bucket": null,
            "s3_key": null,
            "s3_object_version": null,
            "signing_job_arn": "",
            "signing_profile_version_arn": "",
            "skip_destroy": false,
            "snap_start": [],
            "source_code_hash": "TxYl5iyv4HbdglGaKt2fm/s1F6TH7vy1FYzteFhxzsg=",
            "source_code_size": 21570669,
            "source_kms_key_arn": "",
            "tags": {},
            "tags_all": {},
            "tenancy_config": [],
            "timeout": 120,
            "timeouts": null,
            "tracing_config": [
              {
                "mode": "PassThrough"
              }
            ],
            "version": "$LATEST",
            "vpc_config": []
          },
          "sensitive_attributes": [],
          "identity_schema_version": 0,
          "identity": {
            "account_id": "772975393007",
            "function_name": "dsql-lambda",
            "region": "us-east-1"
          },
          "private": "eyJlMmJmYjczMC1lY2FhLTExZTYtOGY4OC0zNDM2M2JjN2M0YzAiOnsiY3JlYXRlIjo2MDAwMDAwMDAwMDAsImRlbGV0ZSI6NjAwMDAwMDAwMDAwLCJ1cGRhdGUiOjYwMDAwMDAwMDAwMH19",
          "dependencies": [
            "aws_iam_role.lambda_exec",
            "awscc_dsql_cluster.dsql"
          ]
        }
      ]
    },
    {
      "mode": "managed",
      "type": "aws_lambda_function",
      "name": "lambda_ibm",
      "provider": "provider[\"registry.terraform.io/hashicorp/aws\"]",
      "instances": [
        {
          "schema_version": 0,
          "attributes": {
            "architectures": [
              "x86_64"
            ],
            "arn": "arn:aws:lambda:us-east-1:772975393007:function:ibm-postgres-lambda",
            "capacity_provider_config": [],
            "code_sha256": "HLQy1NgPdlYpCm0lu1ii3gCMIOiUf9czNEKWPGP7+5A=",
            "code_signing_config_arn": "",
            "dead_letter_config": [],
            "description": "",
            "durable_config": [],
            "environment": [
              {
                "variables": {
                  "IBM_DB_HOST": "d5e65386-f8fc-4847-8272-f2bcabdf6bc3.0135ec03d5bf43b196433793c98e8bd5.databases.appdomain.cloud",
                  "IBM_DB_NAME": "ibmclouddb",
                  "IBM_DB_PASSWORD": "mKfSwfgwlWEkwZQlvbHTCa2TNGqln2le",
                  "IBM_DB_PORT": "31604",
                  "IBM_DB_USER": "ibm_cloud_c56b4076_94db_4c14_bdea_e54446df05d2"
                }
              }
            ],
            "ephemeral_storage": [
              {
                "size": 512
              }
            ],
            "file_system_config": [],
            "filename": "lambda_function_ibm.zip",
            "function_name": "ibm-postgres-lambda",
            "handler": "lambda_function_ibm.lambda_handler",
            "id": "ibm-postgres-lambda",
            "image_config": [],
            "image_uri": "",
            "invoke_arn": "arn:aws:apigateway:us-east-1:lambda:path/2015-03-31/functions/arn:aws:lambda:us-east-1:772975393007:function:ibm-postgres-lambda/invocations",
            "kms_key_arn": "",
            "last_modified": "2026-04-23T23:46:39.000+0000",
            "layers": [],
            "logging_config": [
              {
                "application_log_level": "",
                "log_format": "Text",
                "log_group": "/aws/lambda/ibm-postgres-lambda",
                "system_log_level": ""
              }
            ],
            "memory_size": 128,
            "package_type": "Zip",
            "publish": false,
            "publish_to": null,
            "qualified_arn": "arn:aws:lambda:us-east-1:772975393007:function:ibm-postgres-lambda:$LATEST",
            "qualified_invoke_arn": "arn:aws:apigateway:us-east-1:lambda:path/2015-03-31/functions/arn:aws:lambda:us-east-1:772975393007:function:ibm-postgres-lambda:$LATEST/invocations",
            "region": "us-east-1",
            "replace_security_groups_on_destroy": null,
            "replacement_security_group_ids": null,
            "reserved_concurrent_executions": -1,
            "response_streaming_invoke_arn": "arn:aws:apigateway:us-east-1:lambda:path/2021-11-15/functions/arn:aws:lambda:us-east-1:772975393007:function:ibm-postgres-lambda/response-streaming-invocations",
            "role": "arn:aws:iam::772975393007:role/lambda-exec-role",
            "runtime": "python3.12",
            "s3_bucket": null,
            "s3_key": null,
            "s3_object_version": null,
            "signing_job_arn": "",
            "signing_profile_version_arn": "",
            "skip_destroy": false,
            "snap_start": [],
            "source_code_hash": "HLQy1NgPdlYpCm0lu1ii3gCMIOiUf9czNEKWPGP7+5A=",
            "source_code_size": 4283741,
            "source_kms_key_arn": "",
            "tags": {},
            "tags_all": {},
            "tenancy_config": [],
            "timeout": 120,
            "timeouts": null,
            "tracing_config": [
              {
                "mode": "PassThrough"
              }
            ],
            "version": "$LATEST",
            "vpc_config": []
          },
          "sensitive_attributes": [
            [
              {
                "type": "get_attr",
                "value": "environment"
              },
              {
                "type": "index",
                "value": {
                  "value": 0,
                  "type": "number"
                }
              },
              {
                "type": "get_attr",
                "value": "variables"
              },
              {
                "type": "index",
                "value": {
                  "value": "IBM_DB_PASSWORD",
                  "type": "string"
                }
              }
            ],
            [
              {
                "type": "get_attr",
                "value": "environment"
              },
              {
                "type": "index",
                "value": {
                  "value": 0,
                  "type": "number"
                }
              },
              {
                "type": "get_attr",
                "value": "variables"
              },
              {
                "type": "index",
                "value": {
                  "value": "IBM_DB_USER",
                  "type": "string"
                }
              }
            ]
          ],
          "identity_schema_version": 0,
          "identity": {
            "account_id": "772975393007",
            "function_name": "ibm-postgres-lambda",
            "region": "us-east-1"
          },
          "private": "eyJlMmJmYjczMC1lY2FhLTExZTYtOGY4OC0zNDM2M2JjN2M0YzAiOnsiY3JlYXRlIjo2MDAwMDAwMDAwMDAsImRlbGV0ZSI6NjAwMDAwMDAwMDAwLCJ1cGRhdGUiOjYwMDAwMDAwMDAwMH19",
          "dependencies": [
            "aws_iam_role.lambda_exec",
            "data.ibm_resource_group.group",
            "ibm_database.postgres",
            "ibm_resource_key.postgres_key"
          ]
        }
      ]
    },
    {
      "mode": "managed",
      "type": "aws_lambda_function",
      "name": "lambda_rds",
      "provider": "provider[\"registry.terraform.io/hashicorp/aws\"]",
      "instances": [
        {
          "schema_version": 0,
          "attributes": {
            "architectures": [
              "x86_64"
            ],
            "arn": "arn:aws:lambda:us-east-1:772975393007:function:aurora-lambda",
            "capacity_provider_config": [],
            "code_sha256": "hdA66CU++EABZ+jW2jrzJx2rXM6/rew7bZf0RtNf2zk=",
            "code_signing_config_arn": "",
            "dead_letter_config": [],
            "description": "",
            "durable_config": [],
            "environment": [
              {
                "variables": {
                  "AURORA_ENDPOINT": "free-tier-aurora.cluster-ck50qoeeuvqo.us-east-1.rds.amazonaws.com",
                  "DB_NAME": "postgres",
                  "DB_REGION": "us-east-1",
                  "DB_USER": "postgres"
                }
              }
            ],
            "ephemeral_storage": [
              {
                "size": 512
              }
            ],
            "file_system_config": [],
            "filename": "lambda_function_rds.zip",
            "function_name": "aurora-lambda",
            "handler": "lambda_function_rds.lambda_handler",
            "id": "aurora-lambda",
            "image_config": [],
            "image_uri": "",
            "invoke_arn": "arn:aws:apigateway:us-east-1:lambda:path/2015-03-31/functions/arn:aws:lambda:us-east-1:772975393007:function:aurora-lambda/invocations",
            "kms_key_arn": "",
            "last_modified": "2026-04-25T02:52:40.000+0000",
            "layers": [],
            "logging_config": [
              {
                "application_log_level": "",
                "log_format": "Text",
                "log_group": "/aws/lambda/aurora-lambda",
                "system_log_level": ""
              }
            ],
            "memory_size": 128,
            "package_type": "Zip",
            "publish": false,
            "publish_to": null,
            "qualified_arn": "arn:aws:lambda:us-east-1:772975393007:function:aurora-lambda:$LATEST",
            "qualified_invoke_arn": "arn:aws:apigateway:us-east-1:lambda:path/2015-03-31/functions/arn:aws:lambda:us-east-1:772975393007:function:aurora-lambda:$LATEST/invocations",
            "region": "us-east-1",
            "replace_security_groups_on_destroy": null,
            "replacement_security_group_ids": null,
            "reserved_concurrent_executions": -1,
            "response_streaming_invoke_arn": "arn:aws:apigateway:us-east-1:lambda:path/2021-11-15/functions/arn:aws:lambda:us-east-1:772975393007:function:aurora-lambda/response-streaming-invocations",
            "role": "arn:aws:iam::772975393007:role/lambda-exec-role",
            "runtime": "python3.12",
            "s3_bucket": null,
            "s3_key": null,
            "s3_object_version": null,
            "signing_job_arn": "",
            "signing_profile_version_arn": "",
            "skip_destroy": false,
            "snap_start": [],
            "source_code_hash": "hdA66CU++EABZ+jW2jrzJx2rXM6/rew7bZf0RtNf2zk=",
            "source_code_size": 46605022,
            "source_kms_key_arn": "",
            "tags": {},
            "tags_all": {},
            "tenancy_config": [],
            "timeout": 120,
            "timeouts": null,
            "tracing_config": [
              {
                "mode": "PassThrough"
              }
            ],
            "version": "$LATEST",
            "vpc_config": []
          },
          "sensitive_attributes": [],
          "identity_schema_version": 0,
          "identity": {
            "account_id": "772975393007",
            "function_name": "aurora-lambda",
            "region": "us-east-1"
          },
          "private": "eyJlMmJmYjczMC1lY2FhLTExZTYtOGY4OC0zNDM2M2JjN2M0YzAiOnsiY3JlYXRlIjo2MDAwMDAwMDAwMDAsImRlbGV0ZSI6NjAwMDAwMDAwMDAwLCJ1cGRhdGUiOjYwMDAwMDAwMDAwMH19",
          "dependencies": [
            "aws_iam_role.lambda_exec",
            "aws_rds_cluster.aurora"
          ]
        }
      ]
    },
    {
      "mode": "managed",
      "type": "aws_lambda_function_url",
      "name": "lambda_rds_url",
      "provider": "provider[\"registry.terraform.io/hashicorp/aws\"]",
      "instances": [
        {
          "schema_version": 0,
          "attributes": {
            "authorization_type": "NONE",
            "cors": [],
            "function_arn": "arn:aws:lambda:us-east-1:772975393007:function:aurora-lambda",
            "function_name": "aurora-lambda",
            "function_url": "https://hixavovpmato33sqqyxh6omv540acpnn.lambda-url.us-east-1.on.aws/",
            "id": "aurora-lambda",
            "invoke_mode": "BUFFERED",
            "qualifier": "",
            "region": "us-east-1",
            "timeouts": null,
            "url_id": "hixavovpmato33sqqyxh6omv540acpnn"
          },
          "sensitive_attributes": [],
          "identity_schema_version": 0,
          "private": "eyJlMmJmYjczMC1lY2FhLTExZTYtOGY4OC0zNDM2M2JjN2M0YzAiOnsiY3JlYXRlIjo2MDAwMDAwMDAwMDB9fQ==",
          "dependencies": [
            "aws_iam_role.lambda_exec",
            "aws_lambda_function.lambda_rds",
            "aws_rds_cluster.aurora"
          ]
        }
      ]
    },
    {
      "mode": "managed",
      "type": "aws_rds_cluster",
      "name": "aurora",
      "provider": "provider[\"registry.terraform.io/hashicorp/aws\"]",
      "instances": [
        {
          "schema_version": 1,
          "attributes": {
            "allocated_storage": 1,
            "allow_major_version_upgrade": null,
            "apply_immediately": null,
            "arn": "arn:aws:rds:us-east-1:772975393007:cluster:free-tier-aurora",
            "availability_zones": [
              "us-east-1a",
              "us-east-1c",
              "us-east-1d"
            ],
            "backtrack_window": 0,
            "backup_retention_period": 1,
            "ca_certificate_identifier": null,
            "ca_certificate_valid_till": null,
            "cluster_identifier": "free-tier-aurora",
            "cluster_identifier_prefix": "",
            "cluster_members": [
              "free-tier-aurora-instance-1"
            ],
            "cluster_resource_id": "cluster-CBCAAA4JFQKXH6UF6PJD6HOBJY",
            "cluster_scalability_type": "",
            "copy_tags_to_snapshot": false,
            "database_insights_mode": "standard",
            "database_name": null,
            "db_cluster_instance_class": "",
            "db_cluster_parameter_group_name": "default.aurora-postgresql17",
            "db_instance_parameter_group_name": null,
            "db_subnet_group_name": "",
            "db_system_id": "",
            "delete_automated_backups": true,
            "deletion_protection": false,
            "domain": "",
            "domain_iam_role_name": "",
            "enable_global_write_forwarding": null,
            "enable_http_endpoint": false,
            "enable_local_write_forwarding": null,
            "enabled_cloudwatch_logs_exports": [],
            "endpoint": "free-tier-aurora.cluster-ck50qoeeuvqo.us-east-1.rds.amazonaws.com",
            "engine": "aurora-postgresql",
            "engine_lifecycle_support": "open-source-rds-extended-support",
            "engine_mode": "provisioned",
            "engine_version": "17.7",
            "engine_version_actual": "17.7",
            "final_snapshot_identifier": null,
            "global_cluster_identifier": "",
            "hosted_zone_id": "Z2R2ITUGPM61AM",
            "iam_database_authentication_enabled": true,
            "iam_roles": [],
            "id": "free-tier-aurora",
            "iops": 0,
            "kms_key_id": "",
            "manage_master_user_password": null,
            "master_password": null,
            "master_password_wo": null,
            "master_password_wo_version": null,
            "master_user_secret": [],
            "master_user_secret_kms_key_id": null,
            "master_username": "postgres",
            "monitoring_interval": 0,
            "monitoring_role_arn": "",
            "network_type": "",
            "performance_insights_enabled": false,
            "performance_insights_kms_key_id": "",
            "performance_insights_retention_period": 0,
            "port": 5432,
            "preferred_backup_window": "06:06-06:36",
            "preferred_maintenance_window": "wed:08:56-wed:09:26",
            "reader_endpoint": "free-tier-aurora.cluster-ro-ck50qoeeuvqo.us-east-1.rds.amazonaws.com",
            "region": "us-east-1",
            "replication_source_identifier": "",
            "restore_to_point_in_time": [],
            "s3_import": [],
            "scaling_configuration": [],
            "serverlessv2_scaling_configuration": [
              {
                "max_capacity": 4,
                "min_capacity": 0,
                "seconds_until_auto_pause": 300
              }
            ],
            "skip_final_snapshot": true,
            "snapshot_identifier": null,
            "source_region": null,
            "storage_encrypted": false,
            "storage_type": "",
            "tags": {},
            "tags_all": {},
            "timeouts": null,
            "upgrade_rollout_order": "second",
            "vpc_security_group_ids": []
          },
          "sensitive_attributes": [
            [
              {
                "type": "get_attr",
                "value": "master_password"
              }
            ],
            [
              {
                "type": "get_attr",
                "value": "master_password_wo"
              }
            ]
          ],
          "identity_schema_version": 0,
          "private": "eyJlMmJmYjczMC1lY2FhLTExZTYtOGY4OC0zNDM2M2JjN2M0YzAiOnsiY3JlYXRlIjo3MjAwMDAwMDAwMDAwLCJkZWxldGUiOjcyMDAwMDAwMDAwMDAsInVwZGF0ZSI6NzIwMDAwMDAwMDAwMH0sInNjaGVtYV92ZXJzaW9uIjoiMSJ9"
        }
      ]
    },
    {
      "mode": "managed",
      "type": "aws_rds_cluster_instance",
      "name": "aurora_instance",
      "provider": "provider[\"registry.terraform.io/hashicorp/aws\"]",
      "instances": [
        {
          "schema_version": 0,
          "attributes": {
            "apply_immediately": null,
            "arn": "arn:aws:rds:us-east-1:772975393007:db:free-tier-aurora-instance-1",
            "auto_minor_version_upgrade": true,
            "availability_zone": "us-east-1c",
            "ca_cert_identifier": "rds-ca-rsa2048-g1",
            "cluster_identifier": "free-tier-aurora",
            "copy_tags_to_snapshot": false,
            "custom_iam_instance_profile": "",
            "db_parameter_group_name": "default.aurora-postgresql17",
            "db_subnet_group_name": null,
            "dbi_resource_id": "db-WFETIDQCWCJ3XEJ2ZFSEVJHANM",
            "endpoint": "free-tier-aurora-instance-1.ck50qoeeuvqo.us-east-1.rds.amazonaws.com",
            "engine": "aurora-postgresql",
            "engine_version": "17.7",
            "engine_version_actual": "17.7",
            "force_destroy": null,
            "id": "free-tier-aurora-instance-1",
            "identifier": "free-tier-aurora-instance-1",
            "identifier_prefix": "",
            "instance_class": "db.serverless",
            "kms_key_id": "",
            "monitoring_interval": 0,
            "monitoring_role_arn": "",
            "network_type": "",
            "performance_insights_enabled": false,
            "performance_insights_kms_key_id": "",
            "performance_insights_retention_period": 0,
            "port": 5432,
            "preferred_backup_window": "06:06-06:36",
            "preferred_maintenance_window": "sun:06:34-sun:07:04",
            "promotion_tier": 1,
            "publicly_accessible": false,
            "region": "us-east-1",
            "storage_encrypted": false,
            "tags": {},
            "tags_all": {},
            "timeouts": null,
            "writer": true
          },
          "sensitive_attributes": [],
          "identity_schema_version": 0,
          "private": "eyJlMmJmYjczMC1lY2FhLTExZTYtOGY4OC0zNDM2M2JjN2M0YzAiOnsiY3JlYXRlIjo1NDAwMDAwMDAwMDAwLCJkZWxldGUiOjU0MDAwMDAwMDAwMDAsInVwZGF0ZSI6NTQwMDAwMDAwMDAwMH0sInNjaGVtYV92ZXJzaW9uIjoiMCJ9",
          "dependencies": [
            "aws_rds_cluster.aurora"
          ]
        }
      ]
    },
    {
      "mode": "managed",
      "type": "aws_security_group",
      "name": "db",
      "provider": "provider[\"registry.terraform.io/hashicorp/aws\"]",
      "instances": [
        {
          "schema_version": 1,
          "attributes": {
            "arn": "arn:aws:ec2:us-east-1:772975393007:security-group/sg-0ff1c2a11805781b3",
            "description": "Managed by Terraform",
            "egress": [
              {
                "cidr_blocks": [
                  "0.0.0.0/0"
                ],
                "description": "",
                "from_port": 0,
                "ipv6_cidr_blocks": [],
                "prefix_list_ids": [],
                "protocol": "-1",
                "security_groups": [],
                "self": false,
                "to_port": 0
              }
            ],
            "id": "sg-0ff1c2a11805781b3",
            "ingress": [
              {
                "cidr_blocks": [],
                "description": "",
                "from_port": 5432,
                "ipv6_cidr_blocks": [],
                "prefix_list_ids": [],
                "protocol": "tcp",
                "security_groups": [
                  "sg-0b5ecf8694fc75a0a"
                ],
                "self": false,
                "to_port": 5432
              }
            ],
            "name": "terraform-20260421200408289100000001",
            "name_prefix": "terraform-",
            "owner_id": "772975393007",
            "region": "us-east-1",
            "revoke_rules_on_delete": false,
            "tags": {},
            "tags_all": {},
            "timeouts": null,
            "vpc_id": "vpc-00ea1fd4479131391"
          },
          "sensitive_attributes": [],
          "identity_schema_version": 0,
          "identity": {
            "account_id": "772975393007",
            "id": "sg-0ff1c2a11805781b3",
            "region": "us-east-1"
          },
          "private": "eyJlMmJmYjczMC1lY2FhLTExZTYtOGY4OC0zNDM2M2JjN2M0YzAiOnsiY3JlYXRlIjo2MDAwMDAwMDAwMDAsImRlbGV0ZSI6OTAwMDAwMDAwMDAwfSwic2NoZW1hX3ZlcnNpb24iOiIxIn0=",
          "dependencies": [
            "aws_security_group.lambda",
            "aws_vpc.main"
          ]
        }
      ]
    },
    {
      "mode": "managed",
      "type": "aws_security_group",
      "name": "lambda",
      "provider": "provider[\"registry.terraform.io/hashicorp/aws\"]",
      "instances": [
        {
          "schema_version": 1,
          "attributes": {
            "arn": "arn:aws:ec2:us-east-1:772975393007:security-group/sg-0b5ecf8694fc75a0a",
            "description": "Managed by Terraform",
            "egress": [
              {
                "cidr_blocks": [
                  "0.0.0.0/0"
                ],
                "description": "",
                "from_port": 0,
                "ipv6_cidr_blocks": [],
                "prefix_list_ids": [],
                "protocol": "-1",
                "security_groups": [],
                "self": false,
                "to_port": 0
              }
            ],
            "id": "sg-0b5ecf8694fc75a0a",
            "ingress": [
              {
                "cidr_blocks": [
                  "10.0.0.0/16"
                ],
                "description": "",
                "from_port": 0,
                "ipv6_cidr_blocks": [],
                "prefix_list_ids": [],
                "protocol": "-1",
                "security_groups": [],
                "self": false,
                "to_port": 0
              }
            ],
            "name": "terraform-20260331223842393300000003",
            "name_prefix": "terraform-",
            "owner_id": "772975393007",
            "region": "us-east-1",
            "revoke_rules_on_delete": false,
            "tags": {},
            "tags_all": {},
            "timeouts": null,
            "vpc_id": "vpc-00ea1fd4479131391"
          },
          "sensitive_attributes": [],
          "identity_schema_version": 0,
          "identity": {
            "account_id": "772975393007",
            "id": "sg-0b5ecf8694fc75a0a",
            "region": "us-east-1"
          },
          "private": "eyJlMmJmYjczMC1lY2FhLTExZTYtOGY4OC0zNDM2M2JjN2M0YzAiOnsiY3JlYXRlIjo2MDAwMDAwMDAwMDAsImRlbGV0ZSI6OTAwMDAwMDAwMDAwfSwic2NoZW1hX3ZlcnNpb24iOiIxIn0=",
          "dependencies": [
            "aws_vpc.main"
          ]
        }
      ]
    },
    {
      "mode": "managed",
      "type": "aws_subnet",
      "name": "private",
      "provider": "provider[\"registry.terraform.io/hashicorp/aws\"]",
      "instances": [
        {
          "index_key": 0,
          "schema_version": 1,
          "attributes": {
            "arn": "arn:aws:ec2:us-east-1:772975393007:subnet/subnet-06a3cd128927861c4",
            "assign_ipv6_address_on_creation": false,
            "availability_zone": "us-east-1a",
            "availability_zone_id": "use1-az1",
            "cidr_block": "10.0.0.0/24",
            "customer_owned_ipv4_pool": "",
            "enable_dns64": false,
            "enable_lni_at_device_index": 0,
            "enable_resource_name_dns_a_record_on_launch": false,
            "enable_resource_name_dns_aaaa_record_on_launch": false,
            "id": "subnet-06a3cd128927861c4",
            "ipv4_ipam_pool_id": null,
            "ipv4_netmask_length": null,
            "ipv6_cidr_block": "",
            "ipv6_cidr_block_association_id": "",
            "ipv6_ipam_pool_id": null,
            "ipv6_native": false,
            "ipv6_netmask_length": null,
            "map_customer_owned_ip_on_launch": false,
            "map_public_ip_on_launch": false,
            "outpost_arn": "",
            "owner_id": "772975393007",
            "private_dns_hostname_type_on_launch": "ip-name",
            "region": "us-east-1",
            "tags": {},
            "tags_all": {},
            "timeouts": null,
            "vpc_id": "vpc-00ea1fd4479131391"
          },
          "sensitive_attributes": [],
          "identity_schema_version": 0,
          "identity": {
            "account_id": "772975393007",
            "id": "subnet-06a3cd128927861c4",
            "region": "us-east-1"
          },
          "private": "eyJlMmJmYjczMC1lY2FhLTExZTYtOGY4OC0zNDM2M2JjN2M0YzAiOnsiY3JlYXRlIjo2MDAwMDAwMDAwMDAsImRlbGV0ZSI6MTIwMDAwMDAwMDAwMH0sInNjaGVtYV92ZXJzaW9uIjoiMSJ9",
          "dependencies": [
            "aws_vpc.main",
            "data.aws_availability_zones.available"
          ]
        },
        {
          "index_key": 1,
          "schema_version": 1,
          "attributes": {
            "arn": "arn:aws:ec2:us-east-1:772975393007:subnet/subnet-0d01ff5cb67091692",
            "assign_ipv6_address_on_creation": false,
            "availability_zone": "us-east-1b",
            "availability_zone_id": "use1-az2",
            "cidr_block": "10.0.1.0/24",
            "customer_owned_ipv4_pool": "",
            "enable_dns64": false,
            "enable_lni_at_device_index": 0,
            "enable_resource_name_dns_a_record_on_launch": false,
            "enable_resource_name_dns_aaaa_record_on_launch": false,
            "id": "subnet-0d01ff5cb67091692",
            "ipv4_ipam_pool_id": null,
            "ipv4_netmask_length": null,
            "ipv6_cidr_block": "",
            "ipv6_cidr_block_association_id": "",
            "ipv6_ipam_pool_id": null,
            "ipv6_native": false,
            "ipv6_netmask_length": null,
            "map_customer_owned_ip_on_launch": false,
            "map_public_ip_on_launch": false,
            "outpost_arn": "",
            "owner_id": "772975393007",
            "private_dns_hostname_type_on_launch": "ip-name",
            "region": "us-east-1",
            "tags": {},
            "tags_all": {},
            "timeouts": null,
            "vpc_id": "vpc-00ea1fd4479131391"
          },
          "sensitive_attributes": [],
          "identity_schema_version": 0,
          "identity": {
            "account_id": "772975393007",
            "id": "subnet-0d01ff5cb67091692",
            "region": "us-east-1"
          },
          "private": "eyJlMmJmYjczMC1lY2FhLTExZTYtOGY4OC0zNDM2M2JjN2M0YzAiOnsiY3JlYXRlIjo2MDAwMDAwMDAwMDAsImRlbGV0ZSI6MTIwMDAwMDAwMDAwMH0sInNjaGVtYV92ZXJzaW9uIjoiMSJ9",
          "dependencies": [
            "aws_vpc.main",
            "data.aws_availability_zones.available"
          ]
        }
      ]
    },
    {
      "mode": "managed",
      "type": "aws_subnet",
      "name": "public",
      "provider": "provider[\"registry.terraform.io/hashicorp/aws\"]",
      "instances": [
        {
          "index_key": 0,
          "schema_version": 1,
          "attributes": {
            "arn": "arn:aws:ec2:us-east-1:772975393007:subnet/subnet-06cb9d3a447cd64c4",
            "assign_ipv6_address_on_creation": false,
            "availability_zone": "us-east-1a",
            "availability_zone_id": "use1-az1",
            "cidr_block": "10.0.2.0/24",
            "customer_owned_ipv4_pool": "",
            "enable_dns64": false,
            "enable_lni_at_device_index": 0,
            "enable_resource_name_dns_a_record_on_launch": false,
            "enable_resource_name_dns_aaaa_record_on_launch": false,
            "id": "subnet-06cb9d3a447cd64c4",
            "ipv4_ipam_pool_id": null,
            "ipv4_netmask_length": null,
            "ipv6_cidr_block": "",
            "ipv6_cidr_block_association_id": "",
            "ipv6_ipam_pool_id": null,
            "ipv6_native": false,
            "ipv6_netmask_length": null,
            "map_customer_owned_ip_on_launch": false,
            "map_public_ip_on_launch": true,
            "outpost_arn": "",
            "owner_id": "772975393007",
            "private_dns_hostname_type_on_launch": "ip-name",
            "region": "us-east-1",
            "tags": {},
            "tags_all": {},
            "timeouts": null,
            "vpc_id": "vpc-00ea1fd4479131391"
          },
          "sensitive_attributes": [],
          "identity_schema_version": 0,
          "identity": {
            "account_id": "772975393007",
            "id": "subnet-06cb9d3a447cd64c4",
            "region": "us-east-1"
          },
          "private": "eyJlMmJmYjczMC1lY2FhLTExZTYtOGY4OC0zNDM2M2JjN2M0YzAiOnsiY3JlYXRlIjo2MDAwMDAwMDAwMDAsImRlbGV0ZSI6MTIwMDAwMDAwMDAwMH0sInNjaGVtYV92ZXJzaW9uIjoiMSJ9",
          "dependencies": [
            "aws_vpc.main",
            "data.aws_availability_zones.available"
          ]
        },
        {
          "index_key": 1,
          "schema_version": 1,
          "attributes": {
            "arn": "arn:aws:ec2:us-east-1:772975393007:subnet/subnet-0994929c8054ce75b",
            "assign_ipv6_address_on_creation": false,
            "availability_zone": "us-east-1b",
            "availability_zone_id": "use1-az2",
            "cidr_block": "10.0.3.0/24",
            "customer_owned_ipv4_pool": "",
            "enable_dns64": false,
            "enable_lni_at_device_index": 0,
            "enable_resource_name_dns_a_record_on_launch": false,
            "enable_resource_name_dns_aaaa_record_on_launch": false,
            "id": "subnet-0994929c8054ce75b",
            "ipv4_ipam_pool_id": null,
            "ipv4_netmask_length": null,
            "ipv6_cidr_block": "",
            "ipv6_cidr_block_association_id": "",
            "ipv6_ipam_pool_id": null,
            "ipv6_native": false,
            "ipv6_netmask_length": null,
            "map_customer_owned_ip_on_launch": false,
            "map_public_ip_on_launch": true,
            "outpost_arn": "",
            "owner_id": "772975393007",
            "private_dns_hostname_type_on_launch": "ip-name",
            "region": "us-east-1",
            "tags": {},
            "tags_all": {},
            "timeouts": null,
            "vpc_id": "vpc-00ea1fd4479131391"
          },
          "sensitive_attributes": [],
          "identity_schema_version": 0,
          "identity": {
            "account_id": "772975393007",
            "id": "subnet-0994929c8054ce75b",
            "region": "us-east-1"
          },
          "private": "eyJlMmJmYjczMC1lY2FhLTExZTYtOGY4OC0zNDM2M2JjN2M0YzAiOnsiY3JlYXRlIjo2MDAwMDAwMDAwMDAsImRlbGV0ZSI6MTIwMDAwMDAwMDAwMH0sInNjaGVtYV92ZXJzaW9uIjoiMSJ9",
          "dependencies": [
            "aws_vpc.main",
            "data.aws_availability_zones.available"
          ]
        }
      ]
    },
    {
      "mode": "managed",
      "type": "aws_vpc",
      "name": "main",
      "provider": "provider[\"registry.terraform.io/hashicorp/aws\"]",
      "instances": [
        {
          "schema_version": 1,
          "attributes": {
            "arn": "arn:aws:ec2:us-east-1:772975393007:vpc/vpc-00ea1fd4479131391",
            "assign_generated_ipv6_cidr_block": false,
            "cidr_block": "10.0.0.0/16",
            "default_network_acl_id": "acl-02005064ecaaf84aa",
            "default_route_table_id": "rtb-0c24512a7dd923f55",
            "default_security_group_id": "sg-07c69cbf3c2962a32",
            "dhcp_options_id": "dopt-0877f4a1272fddb63",
            "enable_dns_hostnames": false,
            "enable_dns_support": true,
            "enable_network_address_usage_metrics": false,
            "id": "vpc-00ea1fd4479131391",
            "instance_tenancy": "default",
            "ipv4_ipam_pool_id": null,
            "ipv4_netmask_length": null,
            "ipv6_association_id": "",
            "ipv6_cidr_block": "",
            "ipv6_cidr_block_network_border_group": "",
            "ipv6_ipam_pool_id": "",
            "ipv6_netmask_length": 0,
            "main_route_table_id": "rtb-0c24512a7dd923f55",
            "owner_id": "772975393007",
            "region": "us-east-1",
            "tags": {},
            "tags_all": {}
          },
          "sensitive_attributes": [],
          "identity_schema_version": 0,
          "identity": {
            "account_id": "772975393007",
            "id": "vpc-00ea1fd4479131391",
            "region": "us-east-1"
          },
          "private": "eyJzY2hlbWFfdmVyc2lvbiI6IjEifQ=="
        }
      ]
    },
    {
      "mode": "managed",
      "type": "awscc_dsql_cluster",
      "name": "dsql",
      "provider": "provider[\"registry.terraform.io/hashicorp/awscc\"]",
      "instances": [
        {
          "schema_version": 1,
          "attributes": {
            "creation_time": "2026-04-21T23:50:04.095Z",
            "deletion_protection_enabled": false,
            "encryption_details": {
              "encryption_status": "ENABLED",
              "encryption_type": "AWS_OWNED_KMS_KEY",
              "kms_key_arn": null
            },
            "endpoint": "abtwzgnpdvupncxkfwneryqa5i.dsql.us-east-1.on.aws",
            "id": "abtwzgnpdvupncxkfwneryqa5i",
            "identifier": "abtwzgnpdvupncxkfwneryqa5i",
            "kms_encryption_key": null,
            "multi_region_properties": null,
            "policy_document": null,
            "policy_version": null,
            "resource_arn": "arn:aws:dsql:us-east-1:772975393007:cluster/abtwzgnpdvupncxkfwneryqa5i",
            "status": "ACTIVE",
            "tags": null,
            "vpc_endpoint": "abtwzgnpdvupncxkfwneryqa5i.dsql-fnh4.us-east-1.on.aws",
            "vpc_endpoint_service_name": "com.amazonaws.us-east-1.dsql-fnh4"
          },
          "sensitive_attributes": [],
          "identity_schema_version": 0,
          "identity": {
            "account_id": "772975393007",
            "identifier": "abtwzgnpdvupncxkfwneryqa5i",
            "region": "us-east-1"
          }
        }
      ]
    },
    {
      "mode": "managed",
      "type": "ibm_database",
      "name": "postgres",
      "provider": "provider[\"registry.terraform.io/ibm-cloud/ibm\"]",
      "instances": [
        {
          "schema_version": 0,
          "attributes": {
            "adminpassword": "YourSecurePassword123",
            "adminuser": "admin",
            "allowlist": [
              {
                "address": "0.0.0.0/0",
                "description": "Allow all for initial setup"
              }
            ],
            "auto_scaling": [
              {
                "cpu": [
                  {
                    "rate_increase_percent": 10,
                    "rate_limit_count_per_member": 30,
                    "rate_period_seconds": 900,
                    "rate_units": "count"
                  }
                ],
                "disk": [
                  {
                    "capacity_enabled": false,
                    "free_space_less_than_percent": 10,
                    "io_above_percent": 90,
                    "io_enabled": false,
                    "io_over_period": "15m",
                    "rate_increase_percent": 10,
                    "rate_limit_mb_per_member": 3670016,
                    "rate_period_seconds": 900,
                    "rate_units": "mb"
                  }
                ],
                "memory": [
                  {
                    "io_above_percent": 90,
                    "io_enabled": false,
                    "io_over_period": "15m",
                    "rate_increase_percent": 10,
                    "rate_limit_mb_per_member": 114688,
                    "rate_period_seconds": 900,
                    "rate_units": "mb"
                  }
                ]
              }
            ],
            "backup_encryption_key_crn": null,
            "backup_id": null,
            "configuration": null,
            "configuration_schema": "{\"schema\":{\"archive_timeout\":{\"default\":1800,\"default_description\":\"This property has no documentation for its default value.\",\"description\":\"Generate a new transaction log segment and archive the old one if we haven't done so by this timeout value.  Roughly the maximum RPO.\",\"kind\":\"integer\",\"max\":1073741823,\"min\":300,\"requires_restart\":false,\"step\":null},\"deadlock_timeout\":{\"default\":10000,\"default_description\":\"This property has no documentation for its default value.\",\"description\":\"Deadlock timeout in ms. The time to wait on a lock before checking for deadlock.  Also the duration where lock waits will be logged.\",\"kind\":\"integer\",\"max\":2147483647,\"min\":100,\"requires_restart\":false,\"step\":null},\"effective_io_concurrency\":{\"default\":12,\"default_description\":\"This property has no documentation for its default value.\",\"description\":\"Number of simultaneous requests that can be handled efficiently by the disk subsystem.\",\"kind\":\"integer\",\"max\":1000,\"min\":1,\"requires_restart\":false,\"step\":null},\"log_connections\":{\"choices\":[\"off\",\"on\"],\"default\":\"off\",\"default_description\":\"This property has no documentation for its default value.\",\"description\":\"Causes each attempted connection to the server to be logged, as well as successful completion of client authentication.\",\"kind\":\"choice\",\"requires_restart\":false},\"log_disconnections\":{\"choices\":[\"off\",\"on\"],\"default\":\"off\",\"default_description\":\"This property has no documentation for its default value.\",\"description\":\"Causes session terminations to be logged. The log output provides information similar to log_connections, plus the duration of the session.\",\"kind\":\"choice\",\"requires_restart\":false},\"log_min_duration_statement\":{\"default\":100,\"default_description\":\"This property has no documentation for its default value.\",\"description\":\"Sets the minimum execution time above which statements will be logged.\",\"kind\":\"integer\",\"max\":2147483647,\"min\":100,\"requires_restart\":false,\"step\":null},\"max_connections\":{\"default\":115,\"default_description\":\"This property has no documentation for its default value.\",\"description\":\"Maximum connections allowed.\",\"kind\":\"integer\",\"max\":null,\"min\":115,\"requires_restart\":true,\"step\":null},\"max_locks_per_transaction\":{\"default\":64,\"default_description\":\"Historically proven sufficient. May need to raise if queries touch many different tables in a single transaction\",\"description\":\"This parameter controls the average number of object locks allocated for each transaction. No more than this many distinct objects can be locked at any one time\",\"kind\":\"integer\",\"max\":2147483647,\"min\":10,\"requires_restart\":true,\"step\":null},\"max_prepared_transactions\":{\"default\":0,\"default_description\":\"This property has no documentation for its default value.\",\"description\":\"Max number of transactions that can be in the \\\"prepared\\\" state simultaneously.\",\"kind\":\"integer\",\"max\":null,\"min\":0,\"requires_restart\":true,\"step\":null},\"max_replication_slots\":{\"default\":10,\"default_description\":\"This property has no documentation for its default value.\",\"description\":\"Maximum number of simultaneously defined replication slots.\",\"kind\":\"integer\",\"max\":262143,\"min\":10,\"requires_restart\":true,\"step\":null},\"max_wal_senders\":{\"default\":12,\"default_description\":\"This property has no documentation for its default value.\",\"description\":\"Maximum number of simultaneously running WAL sender processes.\",\"kind\":\"integer\",\"max\":262143,\"min\":12,\"requires_restart\":true,\"step\":null},\"shared_buffers\":{\"default\":32000,\"default_description\":\"This property has no documentation for its default value.\",\"description\":\"The number of 8kB shared memory buffers used by the server.  Set to 1/4 of memory as general guidance.  Setting too high will cause crashes or prevent the database from starting.\",\"kind\":\"integer\",\"max\":null,\"min\":16,\"requires_restart\":true,\"step\":null},\"synchronous_commit\":{\"choices\":[\"local\",\"on\",\"off\"],\"default\":\"local\",\"default_description\":\"This property has no documentation for its default value.\",\"description\":\"Sets the current transaction's synchronization level.  Off can result in data loss.  On should only be used for formations with at least 3 members.  remote_write with enable synchronous replication which will impact performance and availabilty.\",\"kind\":\"choice\",\"requires_restart\":false},\"tcp_keepalives_count\":{\"default\":6,\"default_description\":\"This property has no documentation for its default value.\",\"description\":\"The number of TCP keepalives that can be lost before the server's connection to the client is considered dead.\",\"kind\":\"integer\",\"max\":2147483647,\"min\":0,\"requires_restart\":false,\"step\":null},\"tcp_keepalives_idle\":{\"default\":300,\"default_description\":\"This property has no documentation for its default value.\",\"description\":\"The number of seconds of inactivity after which TCP should send a keepalive message to the client.\",\"kind\":\"integer\",\"max\":2147483647,\"min\":0,\"requires_restart\":false,\"step\":null},\"tcp_keepalives_interval\":{\"default\":10,\"default_description\":\"This property has no documentation for its default value.\",\"description\":\"The number of seconds after which a TCP keepalive message that is not acknowledged by the client should be retransmitted\",\"kind\":\"integer\",\"max\":2147483647,\"min\":0,\"requires_restart\":false,\"step\":null},\"wal_level\":{\"choices\":[\"replica\",\"logical\"],\"default\":\"replica\",\"default_description\":\"This property has no documentation for its default value.\",\"description\":\"WAL level. Allowed values are replica or logical.\",\"kind\":\"choice\",\"requires_restart\":true}}}",
            "connectionstrings": [
              {
                "bundlebase64": "",
                "bundlename": "",
                "certbase64": "LS0tLS1CRUdJTiBDRVJUSUZJQ0FURS0tLS0tCk1JSUREekNDQWZlZ0F3SUJBZ0lKQU5FSDU4eTIva3pITUEwR0NTcUdTSWIzRFFFQkN3VUFNQjR4SERBYUJnTlYKQkFNTUUwbENUU0JEYkc5MVpDQkVZWFJoWW1GelpYTXdIaGNOTVRnd05qSTFNVFF5T1RBd1doY05Namd3TmpJeQpNVFF5T1RBd1dqQWVNUnd3R2dZRFZRUUREQk5KUWswZ1EyeHZkV1FnUkdGMFlXSmhjMlZ6TUlJQklqQU5CZ2txCmhraUc5dzBCQVFFRkFBT0NBUThBTUlJQkNnS0NBUUVBOGxwYVFHemNGZEdxZU1sbXFqZmZNUHBJUWhxcGQ4cUoKUHIzYklrclhKYlRjSko5dUlja1NVY0NqdzRaL3JTZzhublQxM1NDY09sKzF0bys3a2RNaVU4cU9XS2ljZVlaNQp5K3laWWZDa0dhaVpWZmF6UUJtNDV6QnRGV3YrQUIvOGhmQ1RkTkY3Vlk0c3BhQTNvQkUyYVM3T0FOTlNSWlNLCnB3eTI0SVVnVWNJTEpXK21jdlc4MFZ4K0dYUmZEOVl0dDZQUkpnQmhZdVVCcGd6dm5nbUNNR0JuK2wyS05pU2YKd2VvdllEQ0Q2Vm5nbDIrNlc5UUZBRnRXWFdnRjNpRFFENW5sL240bXJpcE1TWDZVRy9uNjY1N3U3VERkZ2t2QQoxZUtJMkZMellLcG9LQmU1cmNuck03bkhnTmMvbkNkRXM1SmVjSGIxZEh2MVFmUG02cHpJeHdJREFRQUJvMUF3ClRqQWRCZ05WSFE0RUZnUVVLMytYWm8xd3lLcytERW9ZWGJIcnV3U3BYamd3SHdZRFZSMGpCQmd3Rm9BVUszK1gKWm8xd3lLcytERW9ZWGJIcnV3U3BYamd3REFZRFZSMFRCQVV3QXdFQi96QU5CZ2txaGtpRzl3MEJBUXNGQUFPQwpBUUVBSmY1ZHZselVwcWFpeDI2cUpFdXFGRzBJUDU3UVFJNVRDUko2WHQvc3VwUkhvNjNlRHZLdzh6Ujd0bFdRCmxWNVAwTjJ4d3VTbDlacUFKdDcvay8zWmVCK25Zd1BveU8zS3ZLdkFUdW5SdmxQQm40RldWWGVhUHNHKzdmaFMKcXNlam1reW9uWXc3N0hSekdPekpINFpnOFVONm1mcGJhV1NzeWFFeHZxa25DcDlTb1RRUDNENjdBeldxYjF6WQpkb3FxZ0dJWjJueENrcDUvRlh4Ri9UTWI1NXZ0ZVRRd2ZnQnk2MGpWVmtiRjdlVk9XQ3YwS2FOSFBGNWhycWJOCmkrM1hqSjcvcGVGM3hNdlRNb3kzNURjVDNFMlplU1Zqb3VaczE1Tzkwa0kzazJkYVMyT0hKQUJXMHZTajRuTHoKK1BRenAvQjljUW1PTzhkQ2UwNDlRM29hVUE9PQotLS0tLUVORCBDRVJUSUZJQ0FURS0tLS0tCgo=",
                "certname": "f111946e-807b-4454-90c4-3e1a4f375c62",
                "composed": "postgres://admin:$PASSWORD@d5e65386-f8fc-4847-8272-f2bcabdf6bc3.0135ec03d5bf43b196433793c98e8bd5.databases.appdomain.cloud:31604/ibmclouddb?sslmode=verify-full",
                "database": "ibmclouddb",
                "hosts": [
                  {
                    "hostname": "d5e65386-f8fc-4847-8272-f2bcabdf6bc3.0135ec03d5bf43b196433793c98e8bd5.databases.appdomain.cloud",
                    "port": "31604"
                  }
                ],
                "name": "admin",
                "password": "",
                "path": "/ibmclouddb",
                "queryoptions": "?sslmode=verify-full",
                "scheme": "postgres"
              }
            ],
            "group": [
              {
                "cpu": [
                  {
                    "allocation_count": 3
                  }
                ],
                "disk": [
                  {
                    "allocation_mb": 5120
                  }
                ],
                "group_id": "member",
                "host_flavor": [],
                "members": [],
                "memory": [
                  {
                    "allocation_mb": 2048
                  }
                ]
              }
            ],
            "groups": [
              {
                "count": 2,
                "cpu": [
                  {
                    "allocation_count": 6,
                    "can_scale_down": true,
                    "is_adjustable": true,
                    "minimum_count": 6,
                    "step_size_count": 2,
                    "units": "count"
                  }
                ],
                "disk": [
                  {
                    "allocation_mb": 10240,
                    "can_scale_down": false,
                    "is_adjustable": true,
                    "minimum_mb": 10240,
                    "step_size_mb": 2048,
                    "units": "mb"
                  }
                ],
                "group_id": "member",
                "host_flavor": [],
                "memory": [
                  {
                    "allocation_mb": 4096,
                    "can_scale_down": true,
                    "is_adjustable": true,
                    "minimum_mb": 2048,
                    "step_size_mb": 256,
                    "units": "mb"
                  }
                ]
              }
            ],
            "guid": "d5e65386-f8fc-4847-8272-f2bcabdf6bc3",
            "id": "crn:v1:bluemix:public:databases-for-postgresql:us-south:a/74b2f8a7b2be4cd89a2eb89dc34e5b27:d5e65386-f8fc-4847-8272-f2bcabdf6bc3::",
            "key_protect_instance": null,
            "key_protect_key": null,
            "location": "us-south",
            "logical_replication_slot": [],
            "name": "gtfs-ibm-postgres",
            "offline_restore": null,
            "plan": "standard",
            "point_in_time_recovery_deployment_id": null,
            "point_in_time_recovery_time": null,
            "remote_leader_id": null,
            "resource_controller_url": "https://cloud.ibm.com/services/crn%3Av1%3Abluemix%3Apublic%3Adatabases-for-postgresql%3Aus-south%3Aa%2F74b2f8a7b2be4cd89a2eb89dc34e5b27%3Ad5e65386-f8fc-4847-8272-f2bcabdf6bc3%3A%3A",
            "resource_crn": "crn:v1:bluemix:public:databases-for-postgresql:us-south:a/74b2f8a7b2be4cd89a2eb89dc34e5b27:d5e65386-f8fc-4847-8272-f2bcabdf6bc3::",
            "resource_group_id": "67cbac9134e9479487fae37b404bf0ab",
            "resource_group_name": "crn:v1:bluemix:public:resource-controller::a/74b2f8a7b2be4cd89a2eb89dc34e5b27::resource-group:67cbac9134e9479487fae37b404bf0ab",
            "resource_name": "gtfs-ibm-postgres",
            "resource_status": "active",
            "service": "databases-for-postgresql",
            "service_endpoints": "public",
            "status": "active",
            "tags": [],
            "timeouts": null,
            "users": [],
            "version": "18"
          },
          "sensitive_attributes": [
            [
              {
                "type": "get_attr",
                "value": "adminpassword"
              }
            ]
          ],
          "identity_schema_version": 0,
          "private": "eyJlMmJmYjczMC1lY2FhLTExZTYtOGY4OC0zNDM2M2JjN2M0YzAiOnsiY3JlYXRlIjozNjAwMDAwMDAwMDAwLCJkZWxldGUiOjYwMDAwMDAwMDAwMCwidXBkYXRlIjozNjAwMDAwMDAwMDAwfX0=",
          "dependencies": [
            "data.ibm_resource_group.group"
          ]
        }
      ]
    },
    {
      "mode": "managed",
      "type": "ibm_resource_key",
      "name": "postgres_key",
      "provider": "provider[\"registry.terraform.io/ibm-cloud/ibm\"]",
      "instances": [
        {
          "schema_version": 0,
          "attributes": {
            "account_id": "74b2f8a7b2be4cd89a2eb89dc34e5b27",
            "created_at": "2026-04-23T23:12:21.188Z",
            "created_by": "IBMid-691001KSCL",
            "credentials": {
              "connection.cli.arguments.#": "1",
              "connection.cli.arguments.0.#": "1",
              "connection.cli.arguments.0.0": "host=d5e65386-f8fc-4847-8272-f2bcabdf6bc3.0135ec03d5bf43b196433793c98e8bd5.databases.appdomain.cloud port=31604 dbname=ibmclouddb user=ibm_cloud_c56b4076_94db_4c14_bdea_e54446df05d2 sslmode=verify-full",
              "connection.cli.bin": "psql",
              "connection.cli.certificate.certificate_authority": "self_signed",
              "connection.cli.certificate.certificate_base64": "LS0tLS1CRUdJTiBDRVJUSUZJQ0FURS0tLS0tCk1JSUREekNDQWZlZ0F3SUJBZ0lKQU5FSDU4eTIva3pITUEwR0NTcUdTSWIzRFFFQkN3VUFNQjR4SERBYUJnTlYKQkFNTUUwbENUU0JEYkc5MVpDQkVZWFJoWW1GelpYTXdIaGNOTVRnd05qSTFNVFF5T1RBd1doY05Namd3TmpJeQpNVFF5T1RBd1dqQWVNUnd3R2dZRFZRUUREQk5KUWswZ1EyeHZkV1FnUkdGMFlXSmhjMlZ6TUlJQklqQU5CZ2txCmhraUc5dzBCQVFFRkFBT0NBUThBTUlJQkNnS0NBUUVBOGxwYVFHemNGZEdxZU1sbXFqZmZNUHBJUWhxcGQ4cUoKUHIzYklrclhKYlRjSko5dUlja1NVY0NqdzRaL3JTZzhublQxM1NDY09sKzF0bys3a2RNaVU4cU9XS2ljZVlaNQp5K3laWWZDa0dhaVpWZmF6UUJtNDV6QnRGV3YrQUIvOGhmQ1RkTkY3Vlk0c3BhQTNvQkUyYVM3T0FOTlNSWlNLCnB3eTI0SVVnVWNJTEpXK21jdlc4MFZ4K0dYUmZEOVl0dDZQUkpnQmhZdVVCcGd6dm5nbUNNR0JuK2wyS05pU2YKd2VvdllEQ0Q2Vm5nbDIrNlc5UUZBRnRXWFdnRjNpRFFENW5sL240bXJpcE1TWDZVRy9uNjY1N3U3VERkZ2t2QQoxZUtJMkZMellLcG9LQmU1cmNuck03bkhnTmMvbkNkRXM1SmVjSGIxZEh2MVFmUG02cHpJeHdJREFRQUJvMUF3ClRqQWRCZ05WSFE0RUZnUVVLMytYWm8xd3lLcytERW9ZWGJIcnV3U3BYamd3SHdZRFZSMGpCQmd3Rm9BVUszK1gKWm8xd3lLcytERW9ZWGJIcnV3U3BYamd3REFZRFZSMFRCQVV3QXdFQi96QU5CZ2txaGtpRzl3MEJBUXNGQUFPQwpBUUVBSmY1ZHZselVwcWFpeDI2cUpFdXFGRzBJUDU3UVFJNVRDUko2WHQvc3VwUkhvNjNlRHZLdzh6Ujd0bFdRCmxWNVAwTjJ4d3VTbDlacUFKdDcvay8zWmVCK25Zd1BveU8zS3ZLdkFUdW5SdmxQQm40RldWWGVhUHNHKzdmaFMKcXNlam1reW9uWXc3N0hSekdPekpINFpnOFVONm1mcGJhV1NzeWFFeHZxa25DcDlTb1RRUDNENjdBeldxYjF6WQpkb3FxZ0dJWjJueENrcDUvRlh4Ri9UTWI1NXZ0ZVRRd2ZnQnk2MGpWVmtiRjdlVk9XQ3YwS2FOSFBGNWhycWJOCmkrM1hqSjcvcGVGM3hNdlRNb3kzNURjVDNFMlplU1Zqb3VaczE1Tzkwa0kzazJkYVMyT0hKQUJXMHZTajRuTHoKK1BRenAvQjljUW1PTzhkQ2UwNDlRM29hVUE9PQotLS0tLUVORCBDRVJUSUZJQ0FURS0tLS0tCgo=",
              "connection.cli.certificate.name": "f111946e-807b-4454-90c4-3e1a4f375c62",
              "connection.cli.composed.#": "1",
              "connection.cli.composed.0": "PGPASSWORD=mKfSwfgwlWEkwZQlvbHTCa2TNGqln2le PGSSLROOTCERT=f111946e-807b-4454-90c4-3e1a4f375c62 psql 'host=d5e65386-f8fc-4847-8272-f2bcabdf6bc3.0135ec03d5bf43b196433793c98e8bd5.databases.appdomain.cloud port=31604 dbname=ibmclouddb user=ibm_cloud_c56b4076_94db_4c14_bdea_e54446df05d2 sslmode=verify-full'",
              "connection.cli.environment.PGPASSWORD": "mKfSwfgwlWEkwZQlvbHTCa2TNGqln2le",
              "connection.cli.environment.PGSSLROOTCERT": "f111946e-807b-4454-90c4-3e1a4f375c62",
              "connection.cli.type": "cli",
              "connection.postgres.authentication.method": "direct",
              "connection.postgres.authentication.password": "mKfSwfgwlWEkwZQlvbHTCa2TNGqln2le",
              "connection.postgres.authentication.username": "ibm_cloud_c56b4076_94db_4c14_bdea_e54446df05d2",
              "connection.postgres.certificate.certificate_authority": "self_signed",
              "connection.postgres.certificate.certificate_base64": "LS0tLS1CRUdJTiBDRVJUSUZJQ0FURS0tLS0tCk1JSUREekNDQWZlZ0F3SUJBZ0lKQU5FSDU4eTIva3pITUEwR0NTcUdTSWIzRFFFQkN3VUFNQjR4SERBYUJnTlYKQkFNTUUwbENUU0JEYkc5MVpDQkVZWFJoWW1GelpYTXdIaGNOTVRnd05qSTFNVFF5T1RBd1doY05Namd3TmpJeQpNVFF5T1RBd1dqQWVNUnd3R2dZRFZRUUREQk5KUWswZ1EyeHZkV1FnUkdGMFlXSmhjMlZ6TUlJQklqQU5CZ2txCmhraUc5dzBCQVFFRkFBT0NBUThBTUlJQkNnS0NBUUVBOGxwYVFHemNGZEdxZU1sbXFqZmZNUHBJUWhxcGQ4cUoKUHIzYklrclhKYlRjSko5dUlja1NVY0NqdzRaL3JTZzhublQxM1NDY09sKzF0bys3a2RNaVU4cU9XS2ljZVlaNQp5K3laWWZDa0dhaVpWZmF6UUJtNDV6QnRGV3YrQUIvOGhmQ1RkTkY3Vlk0c3BhQTNvQkUyYVM3T0FOTlNSWlNLCnB3eTI0SVVnVWNJTEpXK21jdlc4MFZ4K0dYUmZEOVl0dDZQUkpnQmhZdVVCcGd6dm5nbUNNR0JuK2wyS05pU2YKd2VvdllEQ0Q2Vm5nbDIrNlc5UUZBRnRXWFdnRjNpRFFENW5sL240bXJpcE1TWDZVRy9uNjY1N3U3VERkZ2t2QQoxZUtJMkZMellLcG9LQmU1cmNuck03bkhnTmMvbkNkRXM1SmVjSGIxZEh2MVFmUG02cHpJeHdJREFRQUJvMUF3ClRqQWRCZ05WSFE0RUZnUVVLMytYWm8xd3lLcytERW9ZWGJIcnV3U3BYamd3SHdZRFZSMGpCQmd3Rm9BVUszK1gKWm8xd3lLcytERW9ZWGJIcnV3U3BYamd3REFZRFZSMFRCQVV3QXdFQi96QU5CZ2txaGtpRzl3MEJBUXNGQUFPQwpBUUVBSmY1ZHZselVwcWFpeDI2cUpFdXFGRzBJUDU3UVFJNVRDUko2WHQvc3VwUkhvNjNlRHZLdzh6Ujd0bFdRCmxWNVAwTjJ4d3VTbDlacUFKdDcvay8zWmVCK25Zd1BveU8zS3ZLdkFUdW5SdmxQQm40RldWWGVhUHNHKzdmaFMKcXNlam1reW9uWXc3N0hSekdPekpINFpnOFVONm1mcGJhV1NzeWFFeHZxa25DcDlTb1RRUDNENjdBeldxYjF6WQpkb3FxZ0dJWjJueENrcDUvRlh4Ri9UTWI1NXZ0ZVRRd2ZnQnk2MGpWVmtiRjdlVk9XQ3YwS2FOSFBGNWhycWJOCmkrM1hqSjcvcGVGM3hNdlRNb3kzNURjVDNFMlplU1Zqb3VaczE1Tzkwa0kzazJkYVMyT0hKQUJXMHZTajRuTHoKK1BRenAvQjljUW1PTzhkQ2UwNDlRM29hVUE9PQotLS0tLUVORCBDRVJUSUZJQ0FURS0tLS0tCgo=",
              "connection.postgres.certificate.name": "f111946e-807b-4454-90c4-3e1a4f375c62",
              "connection.postgres.composed.#": "1",
              "connection.postgres.composed.0": "postgres://ibm_cloud_c56b4076_94db_4c14_bdea_e54446df05d2:mKfSwfgwlWEkwZQlvbHTCa2TNGqln2le@d5e65386-f8fc-4847-8272-f2bcabdf6bc3.0135ec03d5bf43b196433793c98e8bd5.databases.appdomain.cloud:31604/ibmclouddb?sslmode=verify-full",
              "connection.postgres.database": "ibmclouddb",
              "connection.postgres.hosts.#": "1",
              "connection.postgres.hosts.0.hostname": "d5e65386-f8fc-4847-8272-f2bcabdf6bc3.0135ec03d5bf43b196433793c98e8bd5.databases.appdomain.cloud",
              "connection.postgres.hosts.0.port": "31604",
              "connection.postgres.path": "/ibmclouddb",
              "connection.postgres.query_options.sslmode": "verify-full",
              "connection.postgres.scheme": "postgres",
              "connection.postgres.type": "uri",
              "instance_administration_api.deployment_id": "crn:v1:bluemix:public:databases-for-postgresql:us-south:a/74b2f8a7b2be4cd89a2eb89dc34e5b27:d5e65386-f8fc-4847-8272-f2bcabdf6bc3::",
              "instance_administration_api.instance_id": "crn:v1:bluemix:public:databases-for-postgresql:us-south:a/74b2f8a7b2be4cd89a2eb89dc34e5b27:d5e65386-f8fc-4847-8272-f2bcabdf6bc3::",
              "instance_administration_api.root": "https://api.us-south.databases.cloud.ibm.com/v5/ibm"
            },
            "credentials_json": "{\"connection\":{\"cli\":{\"arguments\":[[\"host=d5e65386-f8fc-4847-8272-f2bcabdf6bc3.0135ec03d5bf43b196433793c98e8bd5.databases.appdomain.cloud port=31604 dbname=ibmclouddb user=ibm_cloud_c56b4076_94db_4c14_bdea_e54446df05d2 sslmode=verify-full\"]],\"bin\":\"psql\",\"certificate\":{\"certificate_authority\":\"self_signed\",\"certificate_base64\":\"LS0tLS1CRUdJTiBDRVJUSUZJQ0FURS0tLS0tCk1JSUREekNDQWZlZ0F3SUJBZ0lKQU5FSDU4eTIva3pITUEwR0NTcUdTSWIzRFFFQkN3VUFNQjR4SERBYUJnTlYKQkFNTUUwbENUU0JEYkc5MVpDQkVZWFJoWW1GelpYTXdIaGNOTVRnd05qSTFNVFF5T1RBd1doY05Namd3TmpJeQpNVFF5T1RBd1dqQWVNUnd3R2dZRFZRUUREQk5KUWswZ1EyeHZkV1FnUkdGMFlXSmhjMlZ6TUlJQklqQU5CZ2txCmhraUc5dzBCQVFFRkFBT0NBUThBTUlJQkNnS0NBUUVBOGxwYVFHemNGZEdxZU1sbXFqZmZNUHBJUWhxcGQ4cUoKUHIzYklrclhKYlRjSko5dUlja1NVY0NqdzRaL3JTZzhublQxM1NDY09sKzF0bys3a2RNaVU4cU9XS2ljZVlaNQp5K3laWWZDa0dhaVpWZmF6UUJtNDV6QnRGV3YrQUIvOGhmQ1RkTkY3Vlk0c3BhQTNvQkUyYVM3T0FOTlNSWlNLCnB3eTI0SVVnVWNJTEpXK21jdlc4MFZ4K0dYUmZEOVl0dDZQUkpnQmhZdVVCcGd6dm5nbUNNR0JuK2wyS05pU2YKd2VvdllEQ0Q2Vm5nbDIrNlc5UUZBRnRXWFdnRjNpRFFENW5sL240bXJpcE1TWDZVRy9uNjY1N3U3VERkZ2t2QQoxZUtJMkZMellLcG9LQmU1cmNuck03bkhnTmMvbkNkRXM1SmVjSGIxZEh2MVFmUG02cHpJeHdJREFRQUJvMUF3ClRqQWRCZ05WSFE0RUZnUVVLMytYWm8xd3lLcytERW9ZWGJIcnV3U3BYamd3SHdZRFZSMGpCQmd3Rm9BVUszK1gKWm8xd3lLcytERW9ZWGJIcnV3U3BYamd3REFZRFZSMFRCQVV3QXdFQi96QU5CZ2txaGtpRzl3MEJBUXNGQUFPQwpBUUVBSmY1ZHZselVwcWFpeDI2cUpFdXFGRzBJUDU3UVFJNVRDUko2WHQvc3VwUkhvNjNlRHZLdzh6Ujd0bFdRCmxWNVAwTjJ4d3VTbDlacUFKdDcvay8zWmVCK25Zd1BveU8zS3ZLdkFUdW5SdmxQQm40RldWWGVhUHNHKzdmaFMKcXNlam1reW9uWXc3N0hSekdPekpINFpnOFVONm1mcGJhV1NzeWFFeHZxa25DcDlTb1RRUDNENjdBeldxYjF6WQpkb3FxZ0dJWjJueENrcDUvRlh4Ri9UTWI1NXZ0ZVRRd2ZnQnk2MGpWVmtiRjdlVk9XQ3YwS2FOSFBGNWhycWJOCmkrM1hqSjcvcGVGM3hNdlRNb3kzNURjVDNFMlplU1Zqb3VaczE1Tzkwa0kzazJkYVMyT0hKQUJXMHZTajRuTHoKK1BRenAvQjljUW1PTzhkQ2UwNDlRM29hVUE9PQotLS0tLUVORCBDRVJUSUZJQ0FURS0tLS0tCgo=\",\"name\":\"f111946e-807b-4454-90c4-3e1a4f375c62\"},\"composed\":[\"PGPASSWORD=mKfSwfgwlWEkwZQlvbHTCa2TNGqln2le PGSSLROOTCERT=f111946e-807b-4454-90c4-3e1a4f375c62 psql 'host=d5e65386-f8fc-4847-8272-f2bcabdf6bc3.0135ec03d5bf43b196433793c98e8bd5.databases.appdomain.cloud port=31604 dbname=ibmclouddb user=ibm_cloud_c56b4076_94db_4c14_bdea_e54446df05d2 sslmode=verify-full'\"],\"environment\":{\"PGPASSWORD\":\"mKfSwfgwlWEkwZQlvbHTCa2TNGqln2le\",\"PGSSLROOTCERT\":\"f111946e-807b-4454-90c4-3e1a4f375c62\"},\"type\":\"cli\"},\"postgres\":{\"authentication\":{\"method\":\"direct\",\"password\":\"mKfSwfgwlWEkwZQlvbHTCa2TNGqln2le\",\"username\":\"ibm_cloud_c56b4076_94db_4c14_bdea_e54446df05d2\"},\"certificate\":{\"certificate_authority\":\"self_signed\",\"certificate_base64\":\"LS0tLS1CRUdJTiBDRVJUSUZJQ0FURS0tLS0tCk1JSUREekNDQWZlZ0F3SUJBZ0lKQU5FSDU4eTIva3pITUEwR0NTcUdTSWIzRFFFQkN3VUFNQjR4SERBYUJnTlYKQkFNTUUwbENUU0JEYkc5MVpDQkVZWFJoWW1GelpYTXdIaGNOTVRnd05qSTFNVFF5T1RBd1doY05Namd3TmpJeQpNVFF5T1RBd1dqQWVNUnd3R2dZRFZRUUREQk5KUWswZ1EyeHZkV1FnUkdGMFlXSmhjMlZ6TUlJQklqQU5CZ2txCmhraUc5dzBCQVFFRkFBT0NBUThBTUlJQkNnS0NBUUVBOGxwYVFHemNGZEdxZU1sbXFqZmZNUHBJUWhxcGQ4cUoKUHIzYklrclhKYlRjSko5dUlja1NVY0NqdzRaL3JTZzhublQxM1NDY09sKzF0bys3a2RNaVU4cU9XS2ljZVlaNQp5K3laWWZDa0dhaVpWZmF6UUJtNDV6QnRGV3YrQUIvOGhmQ1RkTkY3Vlk0c3BhQTNvQkUyYVM3T0FOTlNSWlNLCnB3eTI0SVVnVWNJTEpXK21jdlc4MFZ4K0dYUmZEOVl0dDZQUkpnQmhZdVVCcGd6dm5nbUNNR0JuK2wyS05pU2YKd2VvdllEQ0Q2Vm5nbDIrNlc5UUZBRnRXWFdnRjNpRFFENW5sL240bXJpcE1TWDZVRy9uNjY1N3U3VERkZ2t2QQoxZUtJMkZMellLcG9LQmU1cmNuck03bkhnTmMvbkNkRXM1SmVjSGIxZEh2MVFmUG02cHpJeHdJREFRQUJvMUF3ClRqQWRCZ05WSFE0RUZnUVVLMytYWm8xd3lLcytERW9ZWGJIcnV3U3BYamd3SHdZRFZSMGpCQmd3Rm9BVUszK1gKWm8xd3lLcytERW9ZWGJIcnV3U3BYamd3REFZRFZSMFRCQVV3QXdFQi96QU5CZ2txaGtpRzl3MEJBUXNGQUFPQwpBUUVBSmY1ZHZselVwcWFpeDI2cUpFdXFGRzBJUDU3UVFJNVRDUko2WHQvc3VwUkhvNjNlRHZLdzh6Ujd0bFdRCmxWNVAwTjJ4d3VTbDlacUFKdDcvay8zWmVCK25Zd1BveU8zS3ZLdkFUdW5SdmxQQm40RldWWGVhUHNHKzdmaFMKcXNlam1reW9uWXc3N0hSekdPekpINFpnOFVONm1mcGJhV1NzeWFFeHZxa25DcDlTb1RRUDNENjdBeldxYjF6WQpkb3FxZ0dJWjJueENrcDUvRlh4Ri9UTWI1NXZ0ZVRRd2ZnQnk2MGpWVmtiRjdlVk9XQ3YwS2FOSFBGNWhycWJOCmkrM1hqSjcvcGVGM3hNdlRNb3kzNURjVDNFMlplU1Zqb3VaczE1Tzkwa0kzazJkYVMyT0hKQUJXMHZTajRuTHoKK1BRenAvQjljUW1PTzhkQ2UwNDlRM29hVUE9PQotLS0tLUVORCBDRVJUSUZJQ0FURS0tLS0tCgo=\",\"name\":\"f111946e-807b-4454-90c4-3e1a4f375c62\"},\"composed\":[\"postgres://ibm_cloud_c56b4076_94db_4c14_bdea_e54446df05d2:mKfSwfgwlWEkwZQlvbHTCa2TNGqln2le@d5e65386-f8fc-4847-8272-f2bcabdf6bc3.0135ec03d5bf43b196433793c98e8bd5.databases.appdomain.cloud:31604/ibmclouddb?sslmode=verify-full\"],\"database\":\"ibmclouddb\",\"hosts\":[{\"hostname\":\"d5e65386-f8fc-4847-8272-f2bcabdf6bc3.0135ec03d5bf43b196433793c98e8bd5.databases.appdomain.cloud\",\"port\":31604}],\"path\":\"/ibmclouddb\",\"query_options\":{\"sslmode\":\"verify-full\"},\"scheme\":\"postgres\",\"type\":\"uri\"}},\"instance_administration_api\":{\"deployment_id\":\"crn:v1:bluemix:public:databases-for-postgresql:us-south:a/74b2f8a7b2be4cd89a2eb89dc34e5b27:d5e65386-f8fc-4847-8272-f2bcabdf6bc3::\",\"instance_id\":\"crn:v1:bluemix:public:databases-for-postgresql:us-south:a/74b2f8a7b2be4cd89a2eb89dc34e5b27:d5e65386-f8fc-4847-8272-f2bcabdf6bc3::\",\"root\":\"https://api.us-south.databases.cloud.ibm.com/v5/ibm\"}}",
            "crn": "crn:v1:bluemix:public:databases-for-postgresql:us-south:a/74b2f8a7b2be4cd89a2eb89dc34e5b27:d5e65386-f8fc-4847-8272-f2bcabdf6bc3:resource-key:c56b4076-94db-4c14-bdea-e54446df05d2",
            "deleted_at": "",
            "deleted_by": "",
            "guid": "c56b4076-94db-4c14-bdea-e54446df05d2",
            "iam_compatible": false,
            "id": "crn:v1:bluemix:public:databases-for-postgresql:us-south:a/74b2f8a7b2be4cd89a2eb89dc34e5b27:d5e65386-f8fc-4847-8272-f2bcabdf6bc3:resource-key:c56b4076-94db-4c14-bdea-e54446df05d2",
            "name": "gtfs-ingest-key",
            "parameters": null,
            "resource_alias_id": null,
            "resource_group_id": "67cbac9134e9479487fae37b404bf0ab",
            "resource_instance_id": "crn:v1:bluemix:public:databases-for-postgresql:us-south:a/74b2f8a7b2be4cd89a2eb89dc34e5b27:d5e65386-f8fc-4847-8272-f2bcabdf6bc3::",
            "resource_instance_url": "/v2/resource_instances/d5e65386-f8fc-4847-8272-f2bcabdf6bc3",
            "role": "Administrator",
            "source_crn": "crn:v1:bluemix:public:databases-for-postgresql:us-south:a/74b2f8a7b2be4cd89a2eb89dc34e5b27:d5e65386-f8fc-4847-8272-f2bcabdf6bc3::",
            "state": "active",
            "status": "active",
            "tags": null,
            "timeouts": null,
            "updated_at": "2026-04-23T23:12:21.188Z",
            "updated_by": "",
            "url": "/v2/resource_keys/c56b4076-94db-4c14-bdea-e54446df05d2"
          },
          "sensitive_attributes": [
            [
              {
                "type": "get_attr",
                "value": "credentials"
              }
            ],
            [
              {
                "type": "get_attr",
                "value": "credentials_json"
              }
            ]
          ],
          "identity_schema_version": 0,
          "private": "eyJlMmJmYjczMC1lY2FhLTExZTYtOGY4OC0zNDM2M2JjN2M0YzAiOnsiY3JlYXRlIjo2MDAwMDAwMDAwMDAsImRlbGV0ZSI6NjAwMDAwMDAwMDAwfX0=",
          "dependencies": [
            "data.ibm_resource_group.group",
            "ibm_database.postgres"
          ]
        }
      ]
    }
  ],
  "check_results": null
}
